// !$*UTF8*$!
{
	archiveVersion = 1;
	classes = {
	};
	objectVersion = 46;
	objects = {

/* Begin PBXBuildFile section */
		1AFCF48917B9AE350085CA15 /* 0.asset in Resources */ = {isa = PBXBuildFile; fileRef = 1AFCF48117B9AE350085CA15 /* 0.asset */; };
		1AFCF48A17B9AE350085CA15 /* 0.bundle in Resources */ = {isa = PBXBuildFile; fileRef = 1AFCF48217B9AE350085CA15 /* 0.bundle */; };
		1AFCF48F17B9AE480085CA15 /* folderref0 in Resources */ = {isa = PBXBuildFile; fileRef = 1AFCF48E17B9AE480085CA15 /* folderref0 */; };
		470A08B5181C647C006BFAB4 /* NSCoderTests.m in Sources */ = {isa = PBXBuildFile; fileRef = 470A08B4181C647C006BFAB4 /* NSCoderTests.m */; };
		47178C9217ADD9D40062E7B0 /* Foundation.framework in Frameworks */ = {isa = PBXBuildFile; fileRef = 47178C9117ADD9D40062E7B0 /* Foundation.framework */; };
		47178C9A17ADD9D40062E7B0 /* InfoPlist.strings in Resources */ = {isa = PBXBuildFile; fileRef = 47178C9817ADD9D40062E7B0 /* InfoPlist.strings */; };
		47178C9C17ADD9D40062E7B0 /* main.m in Sources */ = {isa = PBXBuildFile; fileRef = 47178C9B17ADD9D40062E7B0 /* main.m */; };
		47178CA217ADD9D40062E7B0 /* Default.png in Resources */ = {isa = PBXBuildFile; fileRef = 47178CA117ADD9D40062E7B0 /* Default.png */; };
		47178CA417ADD9D40062E7B0 /* Default@2x.png in Resources */ = {isa = PBXBuildFile; fileRef = 47178CA317ADD9D40062E7B0 /* Default@2x.png */; };
		47178CA617ADD9D40062E7B0 /* Default-568h@2x.png in Resources */ = {isa = PBXBuildFile; fileRef = 47178CA517ADD9D40062E7B0 /* Default-568h@2x.png */; };
		47BAA20018203D8000E7C337 /* NSDecimalNumberTests.m in Sources */ = {isa = PBXBuildFile; fileRef = 47BAA1FF18203D8000E7C337 /* NSDecimalNumberTests.m */; };
		47E33E4B180C873A00A7E10F /* NSKVOTests.m in Sources */ = {isa = PBXBuildFile; fileRef = 47E33E4A180C873A00A7E10F /* NSKVOTests.m */; };
		4A54638817F0C18700876D50 /* NSKeyValueCodingTests.m in Sources */ = {isa = PBXBuildFile; fileRef = 4A54638717F0C18700876D50 /* NSKeyValueCodingTests.m */; };
		58664D0B180E47E700B72D1F /* website.html in Resources */ = {isa = PBXBuildFile; fileRef = 58664D0A180E47E700B72D1F /* website.html */; };
		58664D0D180F28A100B72D1F /* WebServer.m in Sources */ = {isa = PBXBuildFile; fileRef = 58C57F36180E17BD008C28D3 /* WebServer.m */; };
		58664D0E180F28AF00B72D1F /* FoundationTests.m in Sources */ = {isa = PBXBuildFile; fileRef = 47178CB117ADDA340062E7B0 /* FoundationTests.m */; };
		58664D0F180F28BA00B72D1F /* CFGetTypeIDTests.m in Sources */ = {isa = PBXBuildFile; fileRef = DE69B48817FB4E2A00EB5F59 /* CFGetTypeIDTests.m */; };
		58664D10180F28BA00B72D1F /* NSUserDefaultsTests.m in Sources */ = {isa = PBXBuildFile; fileRef = DEB8A25B17BC373E0044AFB9 /* NSUserDefaultsTests.m */; };
		58664D11180F28BA00B72D1F /* NSArrayTests.m in Sources */ = {isa = PBXBuildFile; fileRef = DE06A9F117B9B7AA0069C996 /* NSArrayTests.m */; };
		58664D12180F28BA00B72D1F /* CFRunLoopTests.m in Sources */ = {isa = PBXBuildFile; fileRef = 47178CB017ADDA340062E7B0 /* CFRunLoopTests.m */; };
		58664D13180F28BA00B72D1F /* NSBlockTests.m in Sources */ = {isa = PBXBuildFile; fileRef = 47178CB217ADDA340062E7B0 /* NSBlockTests.m */; };
		58664D14180F28BA00B72D1F /* NSBundleTests.m in Sources */ = {isa = PBXBuildFile; fileRef = 1AFCF46317B9842D0085CA15 /* NSBundleTests.m */; };
		58664D15180F28BA00B72D1F /* NSByteCountFormatterTests.m in Sources */ = {isa = PBXBuildFile; fileRef = 5BF54E3E17B0B18500B47B76 /* NSByteCountFormatterTests.m */; };
		58664D16180F28BA00B72D1F /* NSCountedSetTests.m in Sources */ = {isa = PBXBuildFile; fileRef = 47178CB317ADDA340062E7B0 /* NSCountedSetTests.m */; };
		58664D17180F28BA00B72D1F /* NSDictionaryTests.m in Sources */ = {isa = PBXBuildFile; fileRef = 47178CB417ADDA340062E7B0 /* NSDictionaryTests.m */; };
		58664D18180F28BA00B72D1F /* NSExceptionTests.m in Sources */ = {isa = PBXBuildFile; fileRef = 47178CB517ADDA340062E7B0 /* NSExceptionTests.m */; };
		58664D19180F28BA00B72D1F /* NSInvocationTests.m in Sources */ = {isa = PBXBuildFile; fileRef = BCA81FCE17B316E5004745B2 /* NSInvocationTests.m */; };
		58664D1A180F28BA00B72D1F /* NSLockTests.m in Sources */ = {isa = PBXBuildFile; fileRef = 47178CB617ADDA340062E7B0 /* NSLockTests.m */; };
		58664D1B180F28BA00B72D1F /* NSMethodSignatureTests.m in Sources */ = {isa = PBXBuildFile; fileRef = 47178CB717ADDA340062E7B0 /* NSMethodSignatureTests.m */; };
		58664D1C180F28BA00B72D1F /* NSNumberTests.m in Sources */ = {isa = PBXBuildFile; fileRef = 47178CB817ADDA340062E7B0 /* NSNumberTests.m */; };
		58664D1D180F28BA00B72D1F /* NSKeyValueCodingTests.m in Sources */ = {isa = PBXBuildFile; fileRef = 4A54638717F0C18700876D50 /* NSKeyValueCodingTests.m */; };
		58664D1E180F28BA00B72D1F /* NSKVOTests.m in Sources */ = {isa = PBXBuildFile; fileRef = 47E33E4A180C873A00A7E10F /* NSKVOTests.m */; };
		58664D1F180F28BA00B72D1F /* NSObjCRuntimeTests.m in Sources */ = {isa = PBXBuildFile; fileRef = 47178CB917ADDA340062E7B0 /* NSObjCRuntimeTests.m */; };
		58664D20180F28BA00B72D1F /* NSPathUtilitesTests.m in Sources */ = {isa = PBXBuildFile; fileRef = B0AD4BCF17B0B0A200B5014F /* NSPathUtilitesTests.m */; };
		58664D21180F28BA00B72D1F /* NSScannerSubclassTests.m in Sources */ = {isa = PBXBuildFile; fileRef = B02ABB8B17B5ECA000CB5C94 /* NSScannerSubclassTests.m */; };
		58664D22180F28BA00B72D1F /* NSScannerTests.m in Sources */ = {isa = PBXBuildFile; fileRef = B02ABB8C17B5ECA000CB5C94 /* NSScannerTests.m */; };
		58664D23180F28BA00B72D1F /* NSSortDescriptorTests.m in Sources */ = {isa = PBXBuildFile; fileRef = 47178CBA17ADDA340062E7B0 /* NSSortDescriptorTests.m */; };
		58664D24180F28BA00B72D1F /* NSStringTests.m in Sources */ = {isa = PBXBuildFile; fileRef = 47178CBB17ADDA340062E7B0 /* NSStringTests.m */; };
		58664D25180F28BA00B72D1F /* NSThreadTests.m in Sources */ = {isa = PBXBuildFile; fileRef = 47178CBC17ADDA340062E7B0 /* NSThreadTests.m */; };
		58664D26180F28BA00B72D1F /* NSURLTests.m in Sources */ = {isa = PBXBuildFile; fileRef = 47178CBD17ADDA340062E7B0 /* NSURLTests.m */; };
		58664D27180F28BA00B72D1F /* NSDateTests.m in Sources */ = {isa = PBXBuildFile; fileRef = DE242DC917C1586900D668DF /* NSDateTests.m */; };
		58664D28180F28BA00B72D1F /* NSFileManagerTests.m in Sources */ = {isa = PBXBuildFile; fileRef = DE242DCC17C2A78200D668DF /* NSFileManagerTests.m */; };
		58664D29180F28BA00B72D1F /* NSValueTests.m in Sources */ = {isa = PBXBuildFile; fileRef = DEFB624917C41104004908E6 /* NSValueTests.m */; };
		58664D2A180F28BA00B72D1F /* NSSetTests.m in Sources */ = {isa = PBXBuildFile; fileRef = DEFB624D17CBC8E4004908E6 /* NSSetTests.m */; };
		58664D2B180F28BA00B72D1F /* NSDataTests.m in Sources */ = {isa = PBXBuildFile; fileRef = 5B83DE1917D53449000B384A /* NSDataTests.m */; };
		58664D2C180F28BA00B72D1F /* NSIndexSetTests.m in Sources */ = {isa = PBXBuildFile; fileRef = DEA2B81E17DE663C00B27809 /* NSIndexSetTests.m */; };
		58664D2D180F28BA00B72D1F /* NSDateFormatterTests.m in Sources */ = {isa = PBXBuildFile; fileRef = DEA2B82117E118F900B27809 /* NSDateFormatterTests.m */; };
		58664D2F180F28BA00B72D1F /* NSFileHandleTests.m in Sources */ = {isa = PBXBuildFile; fileRef = DEE0C5BC1809D1EE00CA59BD /* NSFileHandleTests.m */; };
		58664D30180F28BA00B72D1F /* NSURLConnectionTests.m in Sources */ = {isa = PBXBuildFile; fileRef = 58C57F24180E1513008C28D3 /* NSURLConnectionTests.m */; };
		58664D31180F28BA00B72D1F /* NSNumberFormatterTests.m in Sources */ = {isa = PBXBuildFile; fileRef = 58C57F27180E16AA008C28D3 /* NSNumberFormatterTests.m */; };
		58664D32180F28BA00B72D1F /* NSURLRequestTests.m in Sources */ = {isa = PBXBuildFile; fileRef = 58C57F29180E16B7008C28D3 /* NSURLRequestTests.m */; };
		58664D33180F28BA00B72D1F /* NSHTTPCookieStorageTests.m in Sources */ = {isa = PBXBuildFile; fileRef = 58C57F2B180E16C5008C28D3 /* NSHTTPCookieStorageTests.m */; };
		58664D34180F28BA00B72D1F /* NSCachedURLResponseTests.m in Sources */ = {isa = PBXBuildFile; fileRef = 58C57F2D180E16CF008C28D3 /* NSCachedURLResponseTests.m */; };
		58664D35180F28BA00B72D1F /* NSURLCacheTests.m in Sources */ = {isa = PBXBuildFile; fileRef = 58C57F2F180E16DA008C28D3 /* NSURLCacheTests.m */; };
		58664D36180F28BA00B72D1F /* NSURLAuthenticationChallengeTests.m in Sources */ = {isa = PBXBuildFile; fileRef = 58C57F31180E16E5008C28D3 /* NSURLAuthenticationChallengeTests.m */; };
		58664D37180F28BA00B72D1F /* SecItemTests.m in Sources */ = {isa = PBXBuildFile; fileRef = 58C57F33180E16EF008C28D3 /* SecItemTests.m */; };
		58664D38180F28E500B72D1F /* NSAttributedStringTests.m in Sources */ = {isa = PBXBuildFile; fileRef = DE6BDA8D17EA5BE8006B5392 /* NSAttributedStringTests.m */; };
		58B2D03917EBBC0300A999DA /* NSPortTests.m in Sources */ = {isa = PBXBuildFile; fileRef = 58B2D03817EBBC0300A999DA /* NSPortTests.m */; };
		58B2D03A17EBBC0300A999DA /* NSPortTests.m in Sources */ = {isa = PBXBuildFile; fileRef = 58B2D03817EBBC0300A999DA /* NSPortTests.m */; };
		58C57F25180E1513008C28D3 /* NSURLConnectionTests.m in Sources */ = {isa = PBXBuildFile; fileRef = 58C57F24180E1513008C28D3 /* NSURLConnectionTests.m */; };
		58C57F28180E16AA008C28D3 /* NSNumberFormatterTests.m in Sources */ = {isa = PBXBuildFile; fileRef = 58C57F27180E16AA008C28D3 /* NSNumberFormatterTests.m */; };
		58C57F2A180E16B7008C28D3 /* NSURLRequestTests.m in Sources */ = {isa = PBXBuildFile; fileRef = 58C57F29180E16B7008C28D3 /* NSURLRequestTests.m */; };
		58C57F2C180E16C5008C28D3 /* NSHTTPCookieStorageTests.m in Sources */ = {isa = PBXBuildFile; fileRef = 58C57F2B180E16C5008C28D3 /* NSHTTPCookieStorageTests.m */; };
		58C57F2E180E16CF008C28D3 /* NSCachedURLResponseTests.m in Sources */ = {isa = PBXBuildFile; fileRef = 58C57F2D180E16CF008C28D3 /* NSCachedURLResponseTests.m */; };
		58C57F30180E16DA008C28D3 /* NSURLCacheTests.m in Sources */ = {isa = PBXBuildFile; fileRef = 58C57F2F180E16DA008C28D3 /* NSURLCacheTests.m */; };
		58C57F32180E16E5008C28D3 /* NSURLAuthenticationChallengeTests.m in Sources */ = {isa = PBXBuildFile; fileRef = 58C57F31180E16E5008C28D3 /* NSURLAuthenticationChallengeTests.m */; };
		58C57F34180E16EF008C28D3 /* SecItemTests.m in Sources */ = {isa = PBXBuildFile; fileRef = 58C57F33180E16EF008C28D3 /* SecItemTests.m */; };
		58C57F37180E17BD008C28D3 /* WebServer.m in Sources */ = {isa = PBXBuildFile; fileRef = 58C57F36180E17BD008C28D3 /* WebServer.m */; };
		58D2CED817FA50EF00B5585D /* bigfile.txt in Resources */ = {isa = PBXBuildFile; fileRef = 58D2CED717FA50EF00B5585D /* bigfile.txt */; };
		58DD2827180F51F7007C4D8F /* SecureTransportTests.m in Sources */ = {isa = PBXBuildFile; fileRef = 58DD2826180F51F7007C4D8F /* SecureTransportTests.m */; };
		58DD2828180F51F7007C4D8F /* SecureTransportTests.m in Sources */ = {isa = PBXBuildFile; fileRef = 58DD2826180F51F7007C4D8F /* SecureTransportTests.m */; };
		58DD282B180F520E007C4D8F /* Security.framework in Frameworks */ = {isa = PBXBuildFile; fileRef = 58DD282A180F520E007C4D8F /* Security.framework */; };
		58DD282D180F5213007C4D8F /* Security.framework in Frameworks */ = {isa = PBXBuildFile; fileRef = 58DD282C180F5213007C4D8F /* Security.framework */; };
		58DD282E180F55E7007C4D8F /* NSLocaleTests.m in Sources */ = {isa = PBXBuildFile; fileRef = DE212C22180EF73300DDB3AA /* NSLocaleTests.m */; };
		5B83DE1A17D53449000B384A /* NSDataTests.m in Sources */ = {isa = PBXBuildFile; fileRef = 5B83DE1917D53449000B384A /* NSDataTests.m */; };
		BCA81FAA17B2E125004745B2 /* Foundation.framework in Frameworks */ = {isa = PBXBuildFile; fileRef = 47178C9117ADD9D40062E7B0 /* Foundation.framework */; };
		BCA81FB117B2E125004745B2 /* FoundationTestsMac.1 in CopyFiles */ = {isa = PBXBuildFile; fileRef = BCA81FB017B2E125004745B2 /* FoundationTestsMac.1 */; };
		BCA81FC517B31394004745B2 /* main.m in Sources */ = {isa = PBXBuildFile; fileRef = 47178C9B17ADD9D40062E7B0 /* main.m */; };
		DE212C23180EF73300DDB3AA /* NSLocaleTests.m in Sources */ = {isa = PBXBuildFile; fileRef = DE212C22180EF73300DDB3AA /* NSLocaleTests.m */; };
		DE212C26180F431000DDB3AA /* NSTimeZoneTests.m in Sources */ = {isa = PBXBuildFile; fileRef = DE212C25180F431000DDB3AA /* NSTimeZoneTests.m */; };
		DE227B42181846040004570F /* NSTimeZoneTests.m in Sources */ = {isa = PBXBuildFile; fileRef = DE212C25180F431000DDB3AA /* NSTimeZoneTests.m */; };
		DE227B451819BEB00004570F /* NSCalendarTests.m in Sources */ = {isa = PBXBuildFile; fileRef = DE227B441819BEB00004570F /* NSCalendarTests.m */; };
		DE227B461819BEB50004570F /* NSCalendarTests.m in Sources */ = {isa = PBXBuildFile; fileRef = DE227B441819BEB00004570F /* NSCalendarTests.m */; };
		DE242DAA17BC433C00D668DF /* NSUserDefaultsTests.m in Sources */ = {isa = PBXBuildFile; fileRef = DEB8A25B17BC373E0044AFB9 /* NSUserDefaultsTests.m */; };
		DE242DAB17BC433C00D668DF /* NSArrayTests.m in Sources */ = {isa = PBXBuildFile; fileRef = DE06A9F117B9B7AA0069C996 /* NSArrayTests.m */; };
		DE242DAC17BC433C00D668DF /* CFRunLoopTests.m in Sources */ = {isa = PBXBuildFile; fileRef = 47178CB017ADDA340062E7B0 /* CFRunLoopTests.m */; };
		DE242DAD17BC433C00D668DF /* FoundationTests.m in Sources */ = {isa = PBXBuildFile; fileRef = 47178CB117ADDA340062E7B0 /* FoundationTests.m */; };
		DE242DAE17BC433C00D668DF /* NSBlockTests.m in Sources */ = {isa = PBXBuildFile; fileRef = 47178CB217ADDA340062E7B0 /* NSBlockTests.m */; };
		DE242DAF17BC433C00D668DF /* NSBundleTests.m in Sources */ = {isa = PBXBuildFile; fileRef = 1AFCF46317B9842D0085CA15 /* NSBundleTests.m */; };
		DE242DB117BC433C00D668DF /* NSCountedSetTests.m in Sources */ = {isa = PBXBuildFile; fileRef = 47178CB317ADDA340062E7B0 /* NSCountedSetTests.m */; };
		DE242DB217BC433C00D668DF /* NSDictionaryTests.m in Sources */ = {isa = PBXBuildFile; fileRef = 47178CB417ADDA340062E7B0 /* NSDictionaryTests.m */; };
		DE242DB317BC433C00D668DF /* NSExceptionTests.m in Sources */ = {isa = PBXBuildFile; fileRef = 47178CB517ADDA340062E7B0 /* NSExceptionTests.m */; };
		DE242DB417BC433C00D668DF /* NSInvocationTests.m in Sources */ = {isa = PBXBuildFile; fileRef = BCA81FCE17B316E5004745B2 /* NSInvocationTests.m */; };
		DE242DB517BC433C00D668DF /* NSLockTests.m in Sources */ = {isa = PBXBuildFile; fileRef = 47178CB617ADDA340062E7B0 /* NSLockTests.m */; };
		DE242DB617BC434900D668DF /* NSMethodSignatureTests.m in Sources */ = {isa = PBXBuildFile; fileRef = 47178CB717ADDA340062E7B0 /* NSMethodSignatureTests.m */; };
		DE242DBC17BC446900D668DF /* NSObjCRuntimeTests.m in Sources */ = {isa = PBXBuildFile; fileRef = 47178CB917ADDA340062E7B0 /* NSObjCRuntimeTests.m */; };
		DE242DBD17BC446900D668DF /* NSPathUtilitesTests.m in Sources */ = {isa = PBXBuildFile; fileRef = B0AD4BCF17B0B0A200B5014F /* NSPathUtilitesTests.m */; };
		DE242DBE17BC446900D668DF /* NSScannerSubclassTests.m in Sources */ = {isa = PBXBuildFile; fileRef = B02ABB8B17B5ECA000CB5C94 /* NSScannerSubclassTests.m */; };
		DE242DBF17BC446900D668DF /* NSScannerTests.m in Sources */ = {isa = PBXBuildFile; fileRef = B02ABB8C17B5ECA000CB5C94 /* NSScannerTests.m */; };
		DE242DC017BC446900D668DF /* NSSortDescriptorTests.m in Sources */ = {isa = PBXBuildFile; fileRef = 47178CBA17ADDA340062E7B0 /* NSSortDescriptorTests.m */; };
		DE242DC117BC446900D668DF /* NSStringTests.m in Sources */ = {isa = PBXBuildFile; fileRef = 47178CBB17ADDA340062E7B0 /* NSStringTests.m */; };
		DE242DC217BC446900D668DF /* NSThreadTests.m in Sources */ = {isa = PBXBuildFile; fileRef = 47178CBC17ADDA340062E7B0 /* NSThreadTests.m */; };
		DE242DC317BC446900D668DF /* NSURLTests.m in Sources */ = {isa = PBXBuildFile; fileRef = 47178CBD17ADDA340062E7B0 /* NSURLTests.m */; };
		DE242DC617BFD7EF00D668DF /* NSByteCountFormatterTests.m in Sources */ = {isa = PBXBuildFile; fileRef = 5BF54E3E17B0B18500B47B76 /* NSByteCountFormatterTests.m */; };
		DE242DC717BFD7F600D668DF /* NSNumberTests.m in Sources */ = {isa = PBXBuildFile; fileRef = 47178CB817ADDA340062E7B0 /* NSNumberTests.m */; };
		DE242DCA17C1586900D668DF /* NSDateTests.m in Sources */ = {isa = PBXBuildFile; fileRef = DE242DC917C1586900D668DF /* NSDateTests.m */; };
		DE242DCD17C2A78200D668DF /* NSFileManagerTests.m in Sources */ = {isa = PBXBuildFile; fileRef = DE242DCC17C2A78200D668DF /* NSFileManagerTests.m */; };
		DE69B48917FB4E2A00EB5F59 /* CFGetTypeIDTests.m in Sources */ = {isa = PBXBuildFile; fileRef = DE69B48817FB4E2A00EB5F59 /* CFGetTypeIDTests.m */; };
		DE6BDA8E17EA5BE8006B5392 /* NSAttributedStringTests.m in Sources */ = {isa = PBXBuildFile; fileRef = DE6BDA8D17EA5BE8006B5392 /* NSAttributedStringTests.m */; };
		DE6BDA9017EA6ABD006B5392 /* UIKit.framework in Frameworks */ = {isa = PBXBuildFile; fileRef = DE6BDA8F17EA6ABD006B5392 /* UIKit.framework */; };
		DEA2B81F17DE663C00B27809 /* NSIndexSetTests.m in Sources */ = {isa = PBXBuildFile; fileRef = DEA2B81E17DE663C00B27809 /* NSIndexSetTests.m */; };
		DEA2B82217E118F900B27809 /* NSDateFormatterTests.m in Sources */ = {isa = PBXBuildFile; fileRef = DEA2B82117E118F900B27809 /* NSDateFormatterTests.m */; };
		DEE0C5BD1809D1EE00CA59BD /* NSFileHandleTests.m in Sources */ = {isa = PBXBuildFile; fileRef = DEE0C5BC1809D1EE00CA59BD /* NSFileHandleTests.m */; };
		DEFB624A17C41104004908E6 /* NSValueTests.m in Sources */ = {isa = PBXBuildFile; fileRef = DEFB624917C41104004908E6 /* NSValueTests.m */; };
		DEFB624E17CBC8E4004908E6 /* NSSetTests.m in Sources */ = {isa = PBXBuildFile; fileRef = DEFB624D17CBC8E4004908E6 /* NSSetTests.m */; };
/* End PBXBuildFile section */

/* Begin PBXCopyFilesBuildPhase section */
		BCA81FA717B2E125004745B2 /* CopyFiles */ = {
			isa = PBXCopyFilesBuildPhase;
			buildActionMask = 2147483647;
			dstPath = /usr/share/man/man1/;
			dstSubfolderSpec = 0;
			files = (
				BCA81FB117B2E125004745B2 /* FoundationTestsMac.1 in CopyFiles */,
			);
			runOnlyForDeploymentPostprocessing = 1;
		};
/* End PBXCopyFilesBuildPhase section */

/* Begin PBXFileReference section */
		1AFCF46317B9842D0085CA15 /* NSBundleTests.m */ = {isa = PBXFileReference; fileEncoding = 4; lastKnownFileType = sourcecode.c.objc; path = NSBundleTests.m; sourceTree = "<group>"; };
		1AFCF48117B9AE350085CA15 /* 0.asset */ = {isa = PBXFileReference; fileEncoding = 4; lastKnownFileType = text; path = 0.asset; sourceTree = "<group>"; };
		1AFCF48217B9AE350085CA15 /* 0.bundle */ = {isa = PBXFileReference; lastKnownFileType = "wrapper.plug-in"; path = 0.bundle; sourceTree = "<group>"; };
		1AFCF48E17B9AE480085CA15 /* folderref0 */ = {isa = PBXFileReference; lastKnownFileType = folder; path = folderref0; sourceTree = "<group>"; };
		470A08B4181C647C006BFAB4 /* NSCoderTests.m */ = {isa = PBXFileReference; fileEncoding = 4; lastKnownFileType = sourcecode.c.objc; path = NSCoderTests.m; sourceTree = "<group>"; };
		47178C8C17ADD9D40062E7B0 /* FoundationTests.app */ = {isa = PBXFileReference; explicitFileType = wrapper.application; includeInIndex = 0; path = FoundationTests.app; sourceTree = BUILT_PRODUCTS_DIR; };
		47178C9117ADD9D40062E7B0 /* Foundation.framework */ = {isa = PBXFileReference; lastKnownFileType = wrapper.framework; name = Foundation.framework; path = System/Library/Frameworks/Foundation.framework; sourceTree = SDKROOT; };
		47178C9717ADD9D40062E7B0 /* FoundationTests-Info.plist */ = {isa = PBXFileReference; lastKnownFileType = text.plist.xml; path = "FoundationTests-Info.plist"; sourceTree = "<group>"; };
		47178C9917ADD9D40062E7B0 /* en */ = {isa = PBXFileReference; lastKnownFileType = text.plist.strings; name = en; path = en.lproj/InfoPlist.strings; sourceTree = "<group>"; };
		47178C9B17ADD9D40062E7B0 /* main.m */ = {isa = PBXFileReference; lastKnownFileType = sourcecode.c.objc; path = main.m; sourceTree = "<group>"; };
		47178C9D17ADD9D40062E7B0 /* FoundationTests-Prefix.pch */ = {isa = PBXFileReference; lastKnownFileType = sourcecode.c.h; path = "FoundationTests-Prefix.pch"; sourceTree = "<group>"; };
		47178CA117ADD9D40062E7B0 /* Default.png */ = {isa = PBXFileReference; lastKnownFileType = image.png; path = Default.png; sourceTree = "<group>"; };
		47178CA317ADD9D40062E7B0 /* Default@2x.png */ = {isa = PBXFileReference; lastKnownFileType = image.png; path = "Default@2x.png"; sourceTree = "<group>"; };
		47178CA517ADD9D40062E7B0 /* Default-568h@2x.png */ = {isa = PBXFileReference; lastKnownFileType = image.png; path = "Default-568h@2x.png"; sourceTree = "<group>"; };
		47178CAD17ADDA340062E7B0 /* FoundationTests.h */ = {isa = PBXFileReference; fileEncoding = 4; lastKnownFileType = sourcecode.c.h; path = FoundationTests.h; sourceTree = "<group>"; };
		47178CAE17ADDA340062E7B0 /* utlist.h */ = {isa = PBXFileReference; fileEncoding = 4; lastKnownFileType = sourcecode.c.h; path = utlist.h; sourceTree = "<group>"; };
		47178CB017ADDA340062E7B0 /* CFRunLoopTests.m */ = {isa = PBXFileReference; fileEncoding = 4; lastKnownFileType = sourcecode.c.objc; path = CFRunLoopTests.m; sourceTree = "<group>"; };
		47178CB117ADDA340062E7B0 /* FoundationTests.m */ = {isa = PBXFileReference; fileEncoding = 4; lastKnownFileType = sourcecode.c.objc; path = FoundationTests.m; sourceTree = "<group>"; };
		47178CB217ADDA340062E7B0 /* NSBlockTests.m */ = {isa = PBXFileReference; fileEncoding = 4; lastKnownFileType = sourcecode.c.objc; path = NSBlockTests.m; sourceTree = "<group>"; };
		47178CB317ADDA340062E7B0 /* NSCountedSetTests.m */ = {isa = PBXFileReference; fileEncoding = 4; lastKnownFileType = sourcecode.c.objc; path = NSCountedSetTests.m; sourceTree = "<group>"; };
		47178CB417ADDA340062E7B0 /* NSDictionaryTests.m */ = {isa = PBXFileReference; fileEncoding = 4; lastKnownFileType = sourcecode.c.objc; path = NSDictionaryTests.m; sourceTree = "<group>"; };
		47178CB517ADDA340062E7B0 /* NSExceptionTests.m */ = {isa = PBXFileReference; fileEncoding = 4; lastKnownFileType = sourcecode.c.objc; path = NSExceptionTests.m; sourceTree = "<group>"; };
		47178CB617ADDA340062E7B0 /* NSLockTests.m */ = {isa = PBXFileReference; fileEncoding = 4; lastKnownFileType = sourcecode.c.objc; path = NSLockTests.m; sourceTree = "<group>"; };
		47178CB717ADDA340062E7B0 /* NSMethodSignatureTests.m */ = {isa = PBXFileReference; fileEncoding = 4; lastKnownFileType = sourcecode.c.objc; path = NSMethodSignatureTests.m; sourceTree = "<group>"; };
		47178CB817ADDA340062E7B0 /* NSNumberTests.m */ = {isa = PBXFileReference; fileEncoding = 4; lastKnownFileType = sourcecode.c.objc; path = NSNumberTests.m; sourceTree = "<group>"; };
		47178CB917ADDA340062E7B0 /* NSObjCRuntimeTests.m */ = {isa = PBXFileReference; fileEncoding = 4; lastKnownFileType = sourcecode.c.objc; path = NSObjCRuntimeTests.m; sourceTree = "<group>"; };
		47178CBA17ADDA340062E7B0 /* NSSortDescriptorTests.m */ = {isa = PBXFileReference; fileEncoding = 4; lastKnownFileType = sourcecode.c.objc; path = NSSortDescriptorTests.m; sourceTree = "<group>"; };
		47178CBB17ADDA340062E7B0 /* NSStringTests.m */ = {isa = PBXFileReference; fileEncoding = 4; lastKnownFileType = sourcecode.c.objc; path = NSStringTests.m; sourceTree = "<group>"; };
		47178CBC17ADDA340062E7B0 /* NSThreadTests.m */ = {isa = PBXFileReference; fileEncoding = 4; lastKnownFileType = sourcecode.c.objc; path = NSThreadTests.m; sourceTree = "<group>"; };
		47178CBD17ADDA340062E7B0 /* NSURLTests.m */ = {isa = PBXFileReference; fileEncoding = 4; lastKnownFileType = sourcecode.c.objc; path = NSURLTests.m; sourceTree = "<group>"; };
		47BAA1FF18203D8000E7C337 /* NSDecimalNumberTests.m */ = {isa = PBXFileReference; fileEncoding = 4; lastKnownFileType = sourcecode.c.objc; path = NSDecimalNumberTests.m; sourceTree = "<group>"; };
		47E33E4A180C873A00A7E10F /* NSKVOTests.m */ = {isa = PBXFileReference; fileEncoding = 4; lastKnownFileType = sourcecode.c.objc; path = NSKVOTests.m; sourceTree = "<group>"; };
		4A54638717F0C18700876D50 /* NSKeyValueCodingTests.m */ = {isa = PBXFileReference; fileEncoding = 4; lastKnownFileType = sourcecode.c.objc; path = NSKeyValueCodingTests.m; sourceTree = "<group>"; };
		58664D0A180E47E700B72D1F /* website.html */ = {isa = PBXFileReference; fileEncoding = 4; lastKnownFileType = text.html; path = website.html; sourceTree = "<group>"; };
		58B2D03817EBBC0300A999DA /* NSPortTests.m */ = {isa = PBXFileReference; fileEncoding = 4; lastKnownFileType = sourcecode.c.objc; path = NSPortTests.m; sourceTree = "<group>"; };
		58C57F24180E1513008C28D3 /* NSURLConnectionTests.m */ = {isa = PBXFileReference; fileEncoding = 4; lastKnownFileType = sourcecode.c.objc; path = NSURLConnectionTests.m; sourceTree = "<group>"; };
		58C57F27180E16AA008C28D3 /* NSNumberFormatterTests.m */ = {isa = PBXFileReference; fileEncoding = 4; lastKnownFileType = sourcecode.c.objc; path = NSNumberFormatterTests.m; sourceTree = "<group>"; };
		58C57F29180E16B7008C28D3 /* NSURLRequestTests.m */ = {isa = PBXFileReference; fileEncoding = 4; lastKnownFileType = sourcecode.c.objc; path = NSURLRequestTests.m; sourceTree = "<group>"; };
		58C57F2B180E16C5008C28D3 /* NSHTTPCookieStorageTests.m */ = {isa = PBXFileReference; fileEncoding = 4; lastKnownFileType = sourcecode.c.objc; path = NSHTTPCookieStorageTests.m; sourceTree = "<group>"; };
		58C57F2D180E16CF008C28D3 /* NSCachedURLResponseTests.m */ = {isa = PBXFileReference; fileEncoding = 4; lastKnownFileType = sourcecode.c.objc; path = NSCachedURLResponseTests.m; sourceTree = "<group>"; };
		58C57F2F180E16DA008C28D3 /* NSURLCacheTests.m */ = {isa = PBXFileReference; fileEncoding = 4; lastKnownFileType = sourcecode.c.objc; path = NSURLCacheTests.m; sourceTree = "<group>"; };
		58C57F31180E16E5008C28D3 /* NSURLAuthenticationChallengeTests.m */ = {isa = PBXFileReference; fileEncoding = 4; lastKnownFileType = sourcecode.c.objc; path = NSURLAuthenticationChallengeTests.m; sourceTree = "<group>"; };
		58C57F33180E16EF008C28D3 /* SecItemTests.m */ = {isa = PBXFileReference; fileEncoding = 4; lastKnownFileType = sourcecode.c.objc; path = SecItemTests.m; sourceTree = "<group>"; };
		58C57F35180E17BD008C28D3 /* WebServer.h */ = {isa = PBXFileReference; fileEncoding = 4; lastKnownFileType = sourcecode.c.h; path = WebServer.h; sourceTree = "<group>"; };
		58C57F36180E17BD008C28D3 /* WebServer.m */ = {isa = PBXFileReference; fileEncoding = 4; lastKnownFileType = sourcecode.c.objc; path = WebServer.m; sourceTree = "<group>"; };
		58D2CED717FA50EF00B5585D /* bigfile.txt */ = {isa = PBXFileReference; fileEncoding = 4; lastKnownFileType = text; path = bigfile.txt; sourceTree = "<group>"; };
		58DD2826180F51F7007C4D8F /* SecureTransportTests.m */ = {isa = PBXFileReference; fileEncoding = 4; lastKnownFileType = sourcecode.c.objc; path = SecureTransportTests.m; sourceTree = "<group>"; };
		58DD282A180F520E007C4D8F /* Security.framework */ = {isa = PBXFileReference; lastKnownFileType = wrapper.framework; name = Security.framework; path = System/Library/Frameworks/Security.framework; sourceTree = SDKROOT; };
		58DD282C180F5213007C4D8F /* Security.framework */ = {isa = PBXFileReference; lastKnownFileType = wrapper.framework; name = Security.framework; path = Platforms/MacOSX.platform/Developer/SDKs/MacOSX10.8.sdk/System/Library/Frameworks/Security.framework; sourceTree = DEVELOPER_DIR; };
		5B83DE1917D53449000B384A /* NSDataTests.m */ = {isa = PBXFileReference; fileEncoding = 4; lastKnownFileType = sourcecode.c.objc; path = NSDataTests.m; sourceTree = "<group>"; };
		5BF54E3E17B0B18500B47B76 /* NSByteCountFormatterTests.m */ = {isa = PBXFileReference; fileEncoding = 4; lastKnownFileType = sourcecode.c.objc; path = NSByteCountFormatterTests.m; sourceTree = "<group>"; };
		B02ABB8B17B5ECA000CB5C94 /* NSScannerSubclassTests.m */ = {isa = PBXFileReference; fileEncoding = 4; lastKnownFileType = sourcecode.c.objc; path = NSScannerSubclassTests.m; sourceTree = "<group>"; };
		B02ABB8C17B5ECA000CB5C94 /* NSScannerTests.m */ = {isa = PBXFileReference; fileEncoding = 4; lastKnownFileType = sourcecode.c.objc; path = NSScannerTests.m; sourceTree = "<group>"; };
		B0AD4BCF17B0B0A200B5014F /* NSPathUtilitesTests.m */ = {isa = PBXFileReference; fileEncoding = 4; lastKnownFileType = sourcecode.c.objc; path = NSPathUtilitesTests.m; sourceTree = "<group>"; };
		BCA81FA917B2E125004745B2 /* FoundationTestsMac */ = {isa = PBXFileReference; explicitFileType = "compiled.mach-o.executable"; includeInIndex = 0; path = FoundationTestsMac; sourceTree = BUILT_PRODUCTS_DIR; };
		BCA81FAF17B2E125004745B2 /* FoundationTestsMac-Prefix.pch */ = {isa = PBXFileReference; lastKnownFileType = sourcecode.c.h; path = "FoundationTestsMac-Prefix.pch"; sourceTree = "<group>"; };
		BCA81FB017B2E125004745B2 /* FoundationTestsMac.1 */ = {isa = PBXFileReference; lastKnownFileType = text.man; path = FoundationTestsMac.1; sourceTree = "<group>"; };
		BCA81FCE17B316E5004745B2 /* NSInvocationTests.m */ = {isa = PBXFileReference; fileEncoding = 4; lastKnownFileType = sourcecode.c.objc; path = NSInvocationTests.m; sourceTree = "<group>"; };
		DE06A9F117B9B7AA0069C996 /* NSArrayTests.m */ = {isa = PBXFileReference; fileEncoding = 4; lastKnownFileType = sourcecode.c.objc; path = NSArrayTests.m; sourceTree = "<group>"; };
		DE212C22180EF73300DDB3AA /* NSLocaleTests.m */ = {isa = PBXFileReference; fileEncoding = 4; lastKnownFileType = sourcecode.c.objc; path = NSLocaleTests.m; sourceTree = "<group>"; };
		DE212C25180F431000DDB3AA /* NSTimeZoneTests.m */ = {isa = PBXFileReference; fileEncoding = 4; lastKnownFileType = sourcecode.c.objc; path = NSTimeZoneTests.m; sourceTree = "<group>"; };
		DE227B441819BEB00004570F /* NSCalendarTests.m */ = {isa = PBXFileReference; fileEncoding = 4; lastKnownFileType = sourcecode.c.objc; path = NSCalendarTests.m; sourceTree = "<group>"; };
		DE242DC917C1586900D668DF /* NSDateTests.m */ = {isa = PBXFileReference; fileEncoding = 4; lastKnownFileType = sourcecode.c.objc; path = NSDateTests.m; sourceTree = "<group>"; };
		DE242DCC17C2A78200D668DF /* NSFileManagerTests.m */ = {isa = PBXFileReference; fileEncoding = 4; lastKnownFileType = sourcecode.c.objc; path = NSFileManagerTests.m; sourceTree = "<group>"; };
		DE69B48817FB4E2A00EB5F59 /* CFGetTypeIDTests.m */ = {isa = PBXFileReference; fileEncoding = 4; lastKnownFileType = sourcecode.c.objc; path = CFGetTypeIDTests.m; sourceTree = "<group>"; };
		DE6BDA8D17EA5BE8006B5392 /* NSAttributedStringTests.m */ = {isa = PBXFileReference; fileEncoding = 4; lastKnownFileType = sourcecode.c.objc; path = NSAttributedStringTests.m; sourceTree = "<group>"; };
		DE6BDA8F17EA6ABD006B5392 /* UIKit.framework */ = {isa = PBXFileReference; lastKnownFileType = wrapper.framework; name = UIKit.framework; path = System/Library/Frameworks/UIKit.framework; sourceTree = SDKROOT; };
		DEA2B81E17DE663C00B27809 /* NSIndexSetTests.m */ = {isa = PBXFileReference; fileEncoding = 4; lastKnownFileType = sourcecode.c.objc; path = NSIndexSetTests.m; sourceTree = "<group>"; };
		DEA2B82117E118F900B27809 /* NSDateFormatterTests.m */ = {isa = PBXFileReference; fileEncoding = 4; lastKnownFileType = sourcecode.c.objc; path = NSDateFormatterTests.m; sourceTree = "<group>"; };
		DEB8A25B17BC373E0044AFB9 /* NSUserDefaultsTests.m */ = {isa = PBXFileReference; fileEncoding = 4; lastKnownFileType = sourcecode.c.objc; path = NSUserDefaultsTests.m; sourceTree = "<group>"; };
		DEE0C5BC1809D1EE00CA59BD /* NSFileHandleTests.m */ = {isa = PBXFileReference; fileEncoding = 4; lastKnownFileType = sourcecode.c.objc; path = NSFileHandleTests.m; sourceTree = "<group>"; };
		DEFB624917C41104004908E6 /* NSValueTests.m */ = {isa = PBXFileReference; fileEncoding = 4; lastKnownFileType = sourcecode.c.objc; path = NSValueTests.m; sourceTree = "<group>"; };
		DEFB624D17CBC8E4004908E6 /* NSSetTests.m */ = {isa = PBXFileReference; fileEncoding = 4; lastKnownFileType = sourcecode.c.objc; path = NSSetTests.m; sourceTree = "<group>"; };
/* End PBXFileReference section */

/* Begin PBXFrameworksBuildPhase section */
		47178C8917ADD9D40062E7B0 /* Frameworks */ = {
			isa = PBXFrameworksBuildPhase;
			buildActionMask = 2147483647;
			files = (
				58DD282B180F520E007C4D8F /* Security.framework in Frameworks */,
				DE6BDA9017EA6ABD006B5392 /* UIKit.framework in Frameworks */,
				47178C9217ADD9D40062E7B0 /* Foundation.framework in Frameworks */,
			);
			runOnlyForDeploymentPostprocessing = 0;
		};
		BCA81FA617B2E125004745B2 /* Frameworks */ = {
			isa = PBXFrameworksBuildPhase;
			buildActionMask = 2147483647;
			files = (
				58DD282D180F5213007C4D8F /* Security.framework in Frameworks */,
				BCA81FAA17B2E125004745B2 /* Foundation.framework in Frameworks */,
			);
			runOnlyForDeploymentPostprocessing = 0;
		};
/* End PBXFrameworksBuildPhase section */

/* Begin PBXGroup section */
		1AFCF48017B9AE350085CA15 /* NSBundleTests */ = {
			isa = PBXGroup;
			children = (
				1AFCF48117B9AE350085CA15 /* 0.asset */,
				1AFCF48217B9AE350085CA15 /* 0.bundle */,
				1AFCF48317B9AE350085CA15 /* foldergroup0 */,
				1AFCF48E17B9AE480085CA15 /* folderref0 */,
			);
			path = NSBundleTests;
			sourceTree = "<group>";
		};
		1AFCF48317B9AE350085CA15 /* foldergroup0 */ = {
			isa = PBXGroup;
			children = (
			);
			path = foldergroup0;
			sourceTree = "<group>";
		};
		47178C8317ADD9D40062E7B0 = {
			isa = PBXGroup;
			children = (
				47178CAC17ADDA340062E7B0 /* include */,
				47178CAF17ADDA340062E7B0 /* src */,
				47178C9517ADD9D40062E7B0 /* FoundationTests */,
				BCA81FAB17B2E125004745B2 /* FoundationTestsMac */,
				47178C8E17ADD9D40062E7B0 /* Frameworks */,
				47178C8D17ADD9D40062E7B0 /* Products */,
			);
			sourceTree = "<group>";
		};
		47178C8D17ADD9D40062E7B0 /* Products */ = {
			isa = PBXGroup;
			children = (
				47178C8C17ADD9D40062E7B0 /* FoundationTests.app */,
				BCA81FA917B2E125004745B2 /* FoundationTestsMac */,
			);
			name = Products;
			sourceTree = "<group>";
		};
		47178C8E17ADD9D40062E7B0 /* Frameworks */ = {
			isa = PBXGroup;
			children = (
				58DD282C180F5213007C4D8F /* Security.framework */,
				58DD282A180F520E007C4D8F /* Security.framework */,
				DE6BDA8F17EA6ABD006B5392 /* UIKit.framework */,
				47178C9117ADD9D40062E7B0 /* Foundation.framework */,
			);
			name = Frameworks;
			sourceTree = "<group>";
		};
		47178C9517ADD9D40062E7B0 /* FoundationTests */ = {
			isa = PBXGroup;
			children = (
				47178C9617ADD9D40062E7B0 /* Supporting Files */,
			);
			path = FoundationTests;
			sourceTree = "<group>";
		};
		47178C9617ADD9D40062E7B0 /* Supporting Files */ = {
			isa = PBXGroup;
			children = (
				1AFCF48017B9AE350085CA15 /* NSBundleTests */,
				47178C9717ADD9D40062E7B0 /* FoundationTests-Info.plist */,
				47178C9817ADD9D40062E7B0 /* InfoPlist.strings */,
				47178C9B17ADD9D40062E7B0 /* main.m */,
				47178C9D17ADD9D40062E7B0 /* FoundationTests-Prefix.pch */,
				47178CA117ADD9D40062E7B0 /* Default.png */,
				47178CA317ADD9D40062E7B0 /* Default@2x.png */,
				47178CA517ADD9D40062E7B0 /* Default-568h@2x.png */,
				58D2CED717FA50EF00B5585D /* bigfile.txt */,
			);
			name = "Supporting Files";
			sourceTree = "<group>";
		};
		47178CAC17ADDA340062E7B0 /* include */ = {
			isa = PBXGroup;
			children = (
				47178CAD17ADDA340062E7B0 /* FoundationTests.h */,
				47178CAE17ADDA340062E7B0 /* utlist.h */,
			);
			path = include;
			sourceTree = "<group>";
		};
		47178CAF17ADDA340062E7B0 /* src */ = {
			isa = PBXGroup;
			children = (
				DE69B48817FB4E2A00EB5F59 /* CFGetTypeIDTests.m */,
				47178CB017ADDA340062E7B0 /* CFRunLoopTests.m */,
				47178CB117ADDA340062E7B0 /* FoundationTests.m */,
				DE06A9F117B9B7AA0069C996 /* NSArrayTests.m */,
				DE6BDA8D17EA5BE8006B5392 /* NSAttributedStringTests.m */,
				47178CB217ADDA340062E7B0 /* NSBlockTests.m */,
				1AFCF46317B9842D0085CA15 /* NSBundleTests.m */,
				5BF54E3E17B0B18500B47B76 /* NSByteCountFormatterTests.m */,
				58C57F2D180E16CF008C28D3 /* NSCachedURLResponseTests.m */,
				47178CB317ADDA340062E7B0 /* NSCountedSetTests.m */,
				5B83DE1917D53449000B384A /* NSDataTests.m */,
				DEA2B82117E118F900B27809 /* NSDateFormatterTests.m */,
				DE242DC917C1586900D668DF /* NSDateTests.m */,
				47BAA1FF18203D8000E7C337 /* NSDecimalNumberTests.m */,
				47178CB417ADDA340062E7B0 /* NSDictionaryTests.m */,
				47178CB517ADDA340062E7B0 /* NSExceptionTests.m */,
				DEE0C5BC1809D1EE00CA59BD /* NSFileHandleTests.m */,
				DE242DCC17C2A78200D668DF /* NSFileManagerTests.m */,
				58C57F2B180E16C5008C28D3 /* NSHTTPCookieStorageTests.m */,
				DEA2B81E17DE663C00B27809 /* NSIndexSetTests.m */,
				BCA81FCE17B316E5004745B2 /* NSInvocationTests.m */,
				4A54638717F0C18700876D50 /* NSKeyValueCodingTests.m */,
				47E33E4A180C873A00A7E10F /* NSKVOTests.m */,
				DE212C22180EF73300DDB3AA /* NSLocaleTests.m */,
				47178CB617ADDA340062E7B0 /* NSLockTests.m */,
				47178CB717ADDA340062E7B0 /* NSMethodSignatureTests.m */,
				58C57F27180E16AA008C28D3 /* NSNumberFormatterTests.m */,
				47178CB817ADDA340062E7B0 /* NSNumberTests.m */,
				47178CB917ADDA340062E7B0 /* NSObjCRuntimeTests.m */,
				B0AD4BCF17B0B0A200B5014F /* NSPathUtilitesTests.m */,
				58B2D03817EBBC0300A999DA /* NSPortTests.m */,
				B02ABB8B17B5ECA000CB5C94 /* NSScannerSubclassTests.m */,
				B02ABB8C17B5ECA000CB5C94 /* NSScannerTests.m */,
				DEFB624D17CBC8E4004908E6 /* NSSetTests.m */,
				47178CBA17ADDA340062E7B0 /* NSSortDescriptorTests.m */,
				47178CBB17ADDA340062E7B0 /* NSStringTests.m */,
				47178CBC17ADDA340062E7B0 /* NSThreadTests.m */,
				58C57F31180E16E5008C28D3 /* NSURLAuthenticationChallengeTests.m */,
				58C57F2F180E16DA008C28D3 /* NSURLCacheTests.m */,
				58C57F24180E1513008C28D3 /* NSURLConnectionTests.m */,
				58C57F29180E16B7008C28D3 /* NSURLRequestTests.m */,
				47178CBD17ADDA340062E7B0 /* NSURLTests.m */,
				DEB8A25B17BC373E0044AFB9 /* NSUserDefaultsTests.m */,
				DEFB624917C41104004908E6 /* NSValueTests.m */,
				58C57F33180E16EF008C28D3 /* SecItemTests.m */,
				58DD2826180F51F7007C4D8F /* SecureTransportTests.m */,
				DE212C22180EF73300DDB3AA /* NSLocaleTests.m */,
				58C57F38180E17C2008C28D3 /* WebServer */,
				DE212C25180F431000DDB3AA /* NSTimeZoneTests.m */,
				DE227B441819BEB00004570F /* NSCalendarTests.m */,
				470A08B4181C647C006BFAB4 /* NSCoderTests.m */,
			);
			path = src;
			sourceTree = "<group>";
		};
		58C57F38180E17C2008C28D3 /* WebServer */ = {
			isa = PBXGroup;
			children = (
				58C57F35180E17BD008C28D3 /* WebServer.h */,
				58C57F36180E17BD008C28D3 /* WebServer.m */,
				58664D0A180E47E700B72D1F /* website.html */,
			);
			name = WebServer;
			sourceTree = "<group>";
		};
		BCA81FAB17B2E125004745B2 /* FoundationTestsMac */ = {
			isa = PBXGroup;
			children = (
				BCA81FB017B2E125004745B2 /* FoundationTestsMac.1 */,
				BCA81FAE17B2E125004745B2 /* Supporting Files */,
			);
			path = FoundationTestsMac;
			sourceTree = "<group>";
		};
		BCA81FAE17B2E125004745B2 /* Supporting Files */ = {
			isa = PBXGroup;
			children = (
				BCA81FAF17B2E125004745B2 /* FoundationTestsMac-Prefix.pch */,
			);
			name = "Supporting Files";
			sourceTree = "<group>";
		};
/* End PBXGroup section */

/* Begin PBXNativeTarget section */
		47178C8B17ADD9D40062E7B0 /* FoundationTests */ = {
			isa = PBXNativeTarget;
			buildConfigurationList = 47178CA917ADD9D40062E7B0 /* Build configuration list for PBXNativeTarget "FoundationTests" */;
			buildPhases = (
				47178C8817ADD9D40062E7B0 /* Sources */,
				47178C8917ADD9D40062E7B0 /* Frameworks */,
				47178C8A17ADD9D40062E7B0 /* Resources */,
			);
			buildRules = (
			);
			dependencies = (
			);
			name = FoundationTests;
			productName = FoundationTests;
			productReference = 47178C8C17ADD9D40062E7B0 /* FoundationTests.app */;
			productType = "com.apple.product-type.application";
		};
		BCA81FA817B2E125004745B2 /* FoundationTestsMac */ = {
			isa = PBXNativeTarget;
			buildConfigurationList = BCA81FB417B2E125004745B2 /* Build configuration list for PBXNativeTarget "FoundationTestsMac" */;
			buildPhases = (
				BCA81FA517B2E125004745B2 /* Sources */,
				BCA81FA617B2E125004745B2 /* Frameworks */,
				BCA81FA717B2E125004745B2 /* CopyFiles */,
			);
			buildRules = (
			);
			dependencies = (
			);
			name = FoundationTestsMac;
			productName = FoundationTestsMac;
			productReference = BCA81FA917B2E125004745B2 /* FoundationTestsMac */;
			productType = "com.apple.product-type.tool";
		};
/* End PBXNativeTarget section */

/* Begin PBXProject section */
		47178C8417ADD9D40062E7B0 /* Project object */ = {
			isa = PBXProject;
			attributes = {
				LastUpgradeCheck = 0460;
				ORGANIZATIONNAME = Apportable;
				TargetAttributes = {
					47178C8B17ADD9D40062E7B0 = {
						DevelopmentTeam = NXGSD74UP2;
					};
				};
			};
			buildConfigurationList = 47178C8717ADD9D40062E7B0 /* Build configuration list for PBXProject "FoundationTests" */;
			compatibilityVersion = "Xcode 3.2";
			developmentRegion = English;
			hasScannedForEncodings = 0;
			knownRegions = (
				en,
			);
			mainGroup = 47178C8317ADD9D40062E7B0;
			productRefGroup = 47178C8D17ADD9D40062E7B0 /* Products */;
			projectDirPath = "";
			projectRoot = "";
			targets = (
				47178C8B17ADD9D40062E7B0 /* FoundationTests */,
				BCA81FA817B2E125004745B2 /* FoundationTestsMac */,
			);
		};
/* End PBXProject section */

/* Begin PBXResourcesBuildPhase section */
		47178C8A17ADD9D40062E7B0 /* Resources */ = {
			isa = PBXResourcesBuildPhase;
			buildActionMask = 2147483647;
			files = (
				47178C9A17ADD9D40062E7B0 /* InfoPlist.strings in Resources */,
				47178CA217ADD9D40062E7B0 /* Default.png in Resources */,
				58D2CED817FA50EF00B5585D /* bigfile.txt in Resources */,
				47178CA417ADD9D40062E7B0 /* Default@2x.png in Resources */,
				47178CA617ADD9D40062E7B0 /* Default-568h@2x.png in Resources */,
				1AFCF48917B9AE350085CA15 /* 0.asset in Resources */,
				1AFCF48A17B9AE350085CA15 /* 0.bundle in Resources */,
				1AFCF48F17B9AE480085CA15 /* folderref0 in Resources */,
				58664D0B180E47E700B72D1F /* website.html in Resources */,
			);
			runOnlyForDeploymentPostprocessing = 0;
		};
/* End PBXResourcesBuildPhase section */

/* Begin PBXSourcesBuildPhase section */
		47178C8817ADD9D40062E7B0 /* Sources */ = {
			isa = PBXSourcesBuildPhase;
			buildActionMask = 2147483647;
			files = (
				DE227B451819BEB00004570F /* NSCalendarTests.m in Sources */,
				47178C9C17ADD9D40062E7B0 /* main.m in Sources */,
				DE242DAA17BC433C00D668DF /* NSUserDefaultsTests.m in Sources */,
				DE242DAB17BC433C00D668DF /* NSArrayTests.m in Sources */,
				DE242DAC17BC433C00D668DF /* CFRunLoopTests.m in Sources */,
				DE242DAD17BC433C00D668DF /* FoundationTests.m in Sources */,
				DE242DAE17BC433C00D668DF /* NSBlockTests.m in Sources */,
				DE242DAF17BC433C00D668DF /* NSBundleTests.m in Sources */,
				DE242DB117BC433C00D668DF /* NSCountedSetTests.m in Sources */,
				DE242DB217BC433C00D668DF /* NSDictionaryTests.m in Sources */,
				DE242DB317BC433C00D668DF /* NSExceptionTests.m in Sources */,
				DE242DB417BC433C00D668DF /* NSInvocationTests.m in Sources */,
				DE242DB517BC433C00D668DF /* NSLockTests.m in Sources */,
				DE242DB617BC434900D668DF /* NSMethodSignatureTests.m in Sources */,
				47BAA20018203D8000E7C337 /* NSDecimalNumberTests.m in Sources */,
				DEE0C5BD1809D1EE00CA59BD /* NSFileHandleTests.m in Sources */,
				DE242DBC17BC446900D668DF /* NSObjCRuntimeTests.m in Sources */,
				DE242DBD17BC446900D668DF /* NSPathUtilitesTests.m in Sources */,
				DE242DBE17BC446900D668DF /* NSScannerSubclassTests.m in Sources */,
				DE242DBF17BC446900D668DF /* NSScannerTests.m in Sources */,
				DE212C23180EF73300DDB3AA /* NSLocaleTests.m in Sources */,
				DE242DC017BC446900D668DF /* NSSortDescriptorTests.m in Sources */,
				DE242DC117BC446900D668DF /* NSStringTests.m in Sources */,
				DE242DC217BC446900D668DF /* NSThreadTests.m in Sources */,
				DE242DC317BC446900D668DF /* NSURLTests.m in Sources */,
				DE242DC617BFD7EF00D668DF /* NSByteCountFormatterTests.m in Sources */,
				DE242DC717BFD7F600D668DF /* NSNumberTests.m in Sources */,
				DE242DCA17C1586900D668DF /* NSDateTests.m in Sources */,
				DE242DCD17C2A78200D668DF /* NSFileManagerTests.m in Sources */,
				DEFB624A17C41104004908E6 /* NSValueTests.m in Sources */,
				DEFB624E17CBC8E4004908E6 /* NSSetTests.m in Sources */,
				5B83DE1A17D53449000B384A /* NSDataTests.m in Sources */,
				DEA2B81F17DE663C00B27809 /* NSIndexSetTests.m in Sources */,
				DEA2B82217E118F900B27809 /* NSDateFormatterTests.m in Sources */,
				DE6BDA8E17EA5BE8006B5392 /* NSAttributedStringTests.m in Sources */,
				4A54638817F0C18700876D50 /* NSKeyValueCodingTests.m in Sources */,
				58B2D03917EBBC0300A999DA /* NSPortTests.m in Sources */,
				DE69B48917FB4E2A00EB5F59 /* CFGetTypeIDTests.m in Sources */,
				47E33E4B180C873A00A7E10F /* NSKVOTests.m in Sources */,
				58C57F25180E1513008C28D3 /* NSURLConnectionTests.m in Sources */,
				58C57F28180E16AA008C28D3 /* NSNumberFormatterTests.m in Sources */,
				58C57F2A180E16B7008C28D3 /* NSURLRequestTests.m in Sources */,
				58C57F2C180E16C5008C28D3 /* NSHTTPCookieStorageTests.m in Sources */,
				58C57F2E180E16CF008C28D3 /* NSCachedURLResponseTests.m in Sources */,
				58C57F30180E16DA008C28D3 /* NSURLCacheTests.m in Sources */,
				470A08B5181C647C006BFAB4 /* NSCoderTests.m in Sources */,
				58C57F32180E16E5008C28D3 /* NSURLAuthenticationChallengeTests.m in Sources */,
				DE212C26180F431000DDB3AA /* NSTimeZoneTests.m in Sources */,
				58C57F34180E16EF008C28D3 /* SecItemTests.m in Sources */,
				58C57F37180E17BD008C28D3 /* WebServer.m in Sources */,
				58DD2827180F51F7007C4D8F /* SecureTransportTests.m in Sources */,
			);
			runOnlyForDeploymentPostprocessing = 0;
		};
		BCA81FA517B2E125004745B2 /* Sources */ = {
			isa = PBXSourcesBuildPhase;
			buildActionMask = 2147483647;
			files = (
				DE227B461819BEB50004570F /* NSCalendarTests.m in Sources */,
				BCA81FC517B31394004745B2 /* main.m in Sources */,
				58B2D03A17EBBC0300A999DA /* NSPortTests.m in Sources */,
				58664D0D180F28A100B72D1F /* WebServer.m in Sources */,
				58664D0E180F28AF00B72D1F /* FoundationTests.m in Sources */,
				58664D0F180F28BA00B72D1F /* CFGetTypeIDTests.m in Sources */,
				58664D10180F28BA00B72D1F /* NSUserDefaultsTests.m in Sources */,
				58664D11180F28BA00B72D1F /* NSArrayTests.m in Sources */,
				58664D12180F28BA00B72D1F /* CFRunLoopTests.m in Sources */,
				58664D13180F28BA00B72D1F /* NSBlockTests.m in Sources */,
				58664D14180F28BA00B72D1F /* NSBundleTests.m in Sources */,
				58664D15180F28BA00B72D1F /* NSByteCountFormatterTests.m in Sources */,
				58664D16180F28BA00B72D1F /* NSCountedSetTests.m in Sources */,
				58664D17180F28BA00B72D1F /* NSDictionaryTests.m in Sources */,
				58664D18180F28BA00B72D1F /* NSExceptionTests.m in Sources */,
				58664D19180F28BA00B72D1F /* NSInvocationTests.m in Sources */,
				58664D1A180F28BA00B72D1F /* NSLockTests.m in Sources */,
				58664D1B180F28BA00B72D1F /* NSMethodSignatureTests.m in Sources */,
				58664D1C180F28BA00B72D1F /* NSNumberTests.m in Sources */,
				58664D1D180F28BA00B72D1F /* NSKeyValueCodingTests.m in Sources */,
				58664D1E180F28BA00B72D1F /* NSKVOTests.m in Sources */,
				58664D1F180F28BA00B72D1F /* NSObjCRuntimeTests.m in Sources */,
				58664D20180F28BA00B72D1F /* NSPathUtilitesTests.m in Sources */,
				58664D21180F28BA00B72D1F /* NSScannerSubclassTests.m in Sources */,
				58664D22180F28BA00B72D1F /* NSScannerTests.m in Sources */,
				58664D23180F28BA00B72D1F /* NSSortDescriptorTests.m in Sources */,
				58664D24180F28BA00B72D1F /* NSStringTests.m in Sources */,
				58664D25180F28BA00B72D1F /* NSThreadTests.m in Sources */,
				58664D26180F28BA00B72D1F /* NSURLTests.m in Sources */,
				58664D27180F28BA00B72D1F /* NSDateTests.m in Sources */,
				58664D28180F28BA00B72D1F /* NSFileManagerTests.m in Sources */,
				58664D29180F28BA00B72D1F /* NSValueTests.m in Sources */,
				58664D2A180F28BA00B72D1F /* NSSetTests.m in Sources */,
				58664D2B180F28BA00B72D1F /* NSDataTests.m in Sources */,
				58664D2C180F28BA00B72D1F /* NSIndexSetTests.m in Sources */,
				58664D2D180F28BA00B72D1F /* NSDateFormatterTests.m in Sources */,
				58664D2F180F28BA00B72D1F /* NSFileHandleTests.m in Sources */,
				58664D30180F28BA00B72D1F /* NSURLConnectionTests.m in Sources */,
				58664D31180F28BA00B72D1F /* NSNumberFormatterTests.m in Sources */,
				58664D32180F28BA00B72D1F /* NSURLRequestTests.m in Sources */,
				58664D33180F28BA00B72D1F /* NSHTTPCookieStorageTests.m in Sources */,
				58664D34180F28BA00B72D1F /* NSCachedURLResponseTests.m in Sources */,
				58664D35180F28BA00B72D1F /* NSURLCacheTests.m in Sources */,
				58664D36180F28BA00B72D1F /* NSURLAuthenticationChallengeTests.m in Sources */,
				DE227B42181846040004570F /* NSTimeZoneTests.m in Sources */,
				58664D37180F28BA00B72D1F /* SecItemTests.m in Sources */,
				58664D38180F28E500B72D1F /* NSAttributedStringTests.m in Sources */,
				58DD2828180F51F7007C4D8F /* SecureTransportTests.m in Sources */,
				58DD282E180F55E7007C4D8F /* NSLocaleTests.m in Sources */,
			);
			runOnlyForDeploymentPostprocessing = 0;
		};
/* End PBXSourcesBuildPhase section */

/* Begin PBXVariantGroup section */
		47178C9817ADD9D40062E7B0 /* InfoPlist.strings */ = {
			isa = PBXVariantGroup;
			children = (
				47178C9917ADD9D40062E7B0 /* en */,
			);
			name = InfoPlist.strings;
			sourceTree = "<group>";
		};
/* End PBXVariantGroup section */

/* Begin XCBuildConfiguration section */
		47178CA717ADD9D40062E7B0 /* Debug */ = {
			isa = XCBuildConfiguration;
			buildSettings = {
				ALWAYS_SEARCH_USER_PATHS = NO;
				CLANG_CXX_LANGUAGE_STANDARD = "gnu++0x";
				CLANG_CXX_LIBRARY = "libc++";
				CLANG_WARN_CONSTANT_CONVERSION = YES;
				CLANG_WARN_EMPTY_BODY = YES;
				CLANG_WARN_ENUM_CONVERSION = YES;
				CLANG_WARN_INT_CONVERSION = YES;
				CLANG_WARN__DUPLICATE_METHOD_MATCH = YES;
				CODE_SIGN_IDENTITY = "iPhone Developer";
				"CODE_SIGN_IDENTITY[sdk=iphoneos*]" = "iPhone Developer";
				COPY_PHASE_STRIP = NO;
				GCC_C_LANGUAGE_STANDARD = gnu99;
				GCC_DYNAMIC_NO_PIC = NO;
				GCC_OPTIMIZATION_LEVEL = 0;
				GCC_PREPROCESSOR_DEFINITIONS = (
					"DEBUG=1",
					"$(inherited)",
				);
				GCC_SYMBOLS_PRIVATE_EXTERN = NO;
				GCC_WARN_ABOUT_RETURN_TYPE = YES;
				GCC_WARN_UNINITIALIZED_AUTOS = YES;
				GCC_WARN_UNUSED_VARIABLE = YES;
				IPHONEOS_DEPLOYMENT_TARGET = 6.1;
				ONLY_ACTIVE_ARCH = YES;
				PROVISIONING_PROFILE = "";
				"PROVISIONING_PROFILE[sdk=iphoneos*]" = "";
				SDKROOT = iphoneos;
				TARGETED_DEVICE_FAMILY = "1,2";
			};
			name = Debug;
		};
		47178CA817ADD9D40062E7B0 /* Release */ = {
			isa = XCBuildConfiguration;
			buildSettings = {
				ALWAYS_SEARCH_USER_PATHS = NO;
				CLANG_CXX_LANGUAGE_STANDARD = "gnu++0x";
				CLANG_CXX_LIBRARY = "libc++";
				CLANG_WARN_CONSTANT_CONVERSION = YES;
				CLANG_WARN_EMPTY_BODY = YES;
				CLANG_WARN_ENUM_CONVERSION = YES;
				CLANG_WARN_INT_CONVERSION = YES;
				CLANG_WARN__DUPLICATE_METHOD_MATCH = YES;
				CODE_SIGN_IDENTITY = "iPhone Developer";
				"CODE_SIGN_IDENTITY[sdk=iphoneos*]" = "iPhone Developer";
				COPY_PHASE_STRIP = YES;
				GCC_C_LANGUAGE_STANDARD = gnu99;
				GCC_WARN_ABOUT_RETURN_TYPE = YES;
				GCC_WARN_UNINITIALIZED_AUTOS = YES;
				GCC_WARN_UNUSED_VARIABLE = YES;
				IPHONEOS_DEPLOYMENT_TARGET = 6.1;
				OTHER_CFLAGS = "-DNS_BLOCK_ASSERTIONS=1";
				PROVISIONING_PROFILE = "";
				"PROVISIONING_PROFILE[sdk=iphoneos*]" = "";
				SDKROOT = iphoneos;
				TARGETED_DEVICE_FAMILY = "1,2";
				VALIDATE_PRODUCT = YES;
			};
			name = Release;
		};
		47178CAA17ADD9D40062E7B0 /* Debug */ = {
			isa = XCBuildConfiguration;
			buildSettings = {
				CODE_SIGN_IDENTITY = "iPhone Developer";
				"CODE_SIGN_IDENTITY[sdk=iphoneos*]" = "iPhone Developer";
				GCC_PRECOMPILE_PREFIX_HEADER = YES;
				GCC_PREFIX_HEADER = "FoundationTests/FoundationTests-Prefix.pch";
				INFOPLIST_FILE = "FoundationTests/FoundationTests-Info.plist";
				IPHONEOS_DEPLOYMENT_TARGET = 6.0;
				PRODUCT_NAME = "$(TARGET_NAME)";
				PROVISIONING_PROFILE = "";
				TARGETED_DEVICE_FAMILY = 1;
				WRAPPER_EXTENSION = app;
			};
			name = Debug;
		};
		47178CAB17ADD9D40062E7B0 /* Release */ = {
			isa = XCBuildConfiguration;
			buildSettings = {
				CODE_SIGN_IDENTITY = "iPhone Developer";
				"CODE_SIGN_IDENTITY[sdk=iphoneos*]" = "iPhone Developer";
				GCC_PRECOMPILE_PREFIX_HEADER = YES;
				GCC_PREFIX_HEADER = "FoundationTests/FoundationTests-Prefix.pch";
				INFOPLIST_FILE = "FoundationTests/FoundationTests-Info.plist";
				IPHONEOS_DEPLOYMENT_TARGET = 6.0;
				PRODUCT_NAME = "$(TARGET_NAME)";
				TARGETED_DEVICE_FAMILY = 1;
				WRAPPER_EXTENSION = app;
			};
			name = Release;
		};
		BCA81FB217B2E125004745B2 /* Debug */ = {
			isa = XCBuildConfiguration;
			buildSettings = {
				ARCHS = "$(ARCHS_STANDARD_64_BIT)";
				CODE_SIGN_IDENTITY = "";
				GCC_ENABLE_OBJC_EXCEPTIONS = YES;
				GCC_PRECOMPILE_PREFIX_HEADER = YES;
				GCC_PREFIX_HEADER = "FoundationTestsMac/FoundationTestsMac-Prefix.pch";
				GCC_WARN_64_TO_32_BIT_CONVERSION = YES;
				MACOSX_DEPLOYMENT_TARGET = 10.8;
				"OTHER_CFLAGS[arch=*]" = "-DIM_A_MAC_TARGET";
				PRODUCT_NAME = "$(TARGET_NAME)";
				SDKROOT = macosx;
			};
			name = Debug;
		};
		BCA81FB317B2E125004745B2 /* Release */ = {
			isa = XCBuildConfiguration;
			buildSettings = {
				ARCHS = "$(ARCHS_STANDARD_64_BIT)";
				CODE_SIGN_IDENTITY = "Mac Developer";
				DEBUG_INFORMATION_FORMAT = "dwarf-with-dsym";
				GCC_ENABLE_OBJC_EXCEPTIONS = YES;
				GCC_PRECOMPILE_PREFIX_HEADER = YES;
				GCC_PREFIX_HEADER = "FoundationTestsMac/FoundationTestsMac-Prefix.pch";
				GCC_WARN_64_TO_32_BIT_CONVERSION = YES;
				MACOSX_DEPLOYMENT_TARGET = 10.8;
				PRODUCT_NAME = "$(TARGET_NAME)";
				PROVISIONING_PROFILE = "";
				SDKROOT = macosx;
			};
			name = Release;
		};
/* End XCBuildConfiguration section */

/* Begin XCConfigurationList section */
		47178C8717ADD9D40062E7B0 /* Build configuration list for PBXProject "FoundationTests" */ = {
			isa = XCConfigurationList;
			buildConfigurations = (
				47178CA717ADD9D40062E7B0 /* Debug */,
				47178CA817ADD9D40062E7B0 /* Release */,
			);
			defaultConfigurationIsVisible = 0;
			defaultConfigurationName = Release;
		};
		47178CA917ADD9D40062E7B0 /* Build configuration list for PBXNativeTarget "FoundationTests" */ = {
			isa = XCConfigurationList;
			buildConfigurations = (
				47178CAA17ADD9D40062E7B0 /* Debug */,
				47178CAB17ADD9D40062E7B0 /* Release */,
			);
			defaultConfigurationIsVisible = 0;
			defaultConfigurationName = Release;
		};
		BCA81FB417B2E125004745B2 /* Build configuration list for PBXNativeTarget "FoundationTestsMac" */ = {
			isa = XCConfigurationList;
			buildConfigurations = (
				BCA81FB217B2E125004745B2 /* Debug */,
				BCA81FB317B2E125004745B2 /* Release */,
			);
			defaultConfigurationIsVisible = 0;
			defaultConfigurationName = Release;
		};
/* End XCConfigurationList section */
	};
	rootObject = 47178C8417ADD9D40062E7B0 /* Project object */;
}
