// !$*UTF8*$!
{
	archiveVersion = 1;
	classes = {
	};
	objectVersion = 46;
	objects = {

/* Begin PBXBuildFile section */
		1AFCF48917B9AE350085CA15 /* 0.asset in Resources */ = {isa = PBXBuildFile; fileRef = 1AFCF48117B9AE350085CA15 /* 0.asset */; };
		1AFCF48A17B9AE350085CA15 /* 0.bundle in Resources */ = {isa = PBXBuildFile; fileRef = 1AFCF48217B9AE350085CA15 /* 0.bundle */; };
		1AFCF48F17B9AE480085CA15 /* folderref0 in Resources */ = {isa = PBXBuildFile; fileRef = 1AFCF48E17B9AE480085CA15 /* folderref0 */; };
		47178C9217ADD9D40062E7B0 /* Foundation.framework in Frameworks */ = {isa = PBXBuildFile; fileRef = 47178C9117ADD9D40062E7B0 /* Foundation.framework */; };
		47178C9A17ADD9D40062E7B0 /* InfoPlist.strings in Resources */ = {isa = PBXBuildFile; fileRef = 47178C9817ADD9D40062E7B0 /* InfoPlist.strings */; };
		47178C9C17ADD9D40062E7B0 /* main.m in Sources */ = {isa = PBXBuildFile; fileRef = 47178C9B17ADD9D40062E7B0 /* main.m */; };
		47178CA217ADD9D40062E7B0 /* Default.png in Resources */ = {isa = PBXBuildFile; fileRef = 47178CA117ADD9D40062E7B0 /* Default.png */; };
		47178CA417ADD9D40062E7B0 /* Default@2x.png in Resources */ = {isa = PBXBuildFile; fileRef = 47178CA317ADD9D40062E7B0 /* Default@2x.png */; };
		47178CA617ADD9D40062E7B0 /* Default-568h@2x.png in Resources */ = {isa = PBXBuildFile; fileRef = 47178CA517ADD9D40062E7B0 /* Default-568h@2x.png */; };
		BCA81FAA17B2E125004745B2 /* Foundation.framework in Frameworks */ = {isa = PBXBuildFile; fileRef = 47178C9117ADD9D40062E7B0 /* Foundation.framework */; };
		BCA81FB117B2E125004745B2 /* FoundationTestsMac.1 in CopyFiles */ = {isa = PBXBuildFile; fileRef = BCA81FB017B2E125004745B2 /* FoundationTestsMac.1 */; };
		BCA81FC517B31394004745B2 /* main.m in Sources */ = {isa = PBXBuildFile; fileRef = 47178C9B17ADD9D40062E7B0 /* main.m */; };
		DE242DAA17BC433C00D668DF /* NSUserDefaultsTests.m in Sources */ = {isa = PBXBuildFile; fileRef = DEB8A25B17BC373E0044AFB9 /* NSUserDefaultsTests.m */; };
		DE242DAB17BC433C00D668DF /* NSArrayTests.m in Sources */ = {isa = PBXBuildFile; fileRef = DE06A9F117B9B7AA0069C996 /* NSArrayTests.m */; };
		DE242DAC17BC433C00D668DF /* CFRunLoopTests.m in Sources */ = {isa = PBXBuildFile; fileRef = 47178CB017ADDA340062E7B0 /* CFRunLoopTests.m */; };
		DE242DAD17BC433C00D668DF /* FoundationTests.m in Sources */ = {isa = PBXBuildFile; fileRef = 47178CB117ADDA340062E7B0 /* FoundationTests.m */; };
		DE242DAE17BC433C00D668DF /* NSBlockTests.m in Sources */ = {isa = PBXBuildFile; fileRef = 47178CB217ADDA340062E7B0 /* NSBlockTests.m */; };
		DE242DAF17BC433C00D668DF /* NSBundleTests.m in Sources */ = {isa = PBXBuildFile; fileRef = 1AFCF46317B9842D0085CA15 /* NSBundleTests.m */; };
		DE242DB117BC433C00D668DF /* NSCountedSetTests.m in Sources */ = {isa = PBXBuildFile; fileRef = 47178CB317ADDA340062E7B0 /* NSCountedSetTests.m */; };
		DE242DB217BC433C00D668DF /* NSDictionaryTests.m in Sources */ = {isa = PBXBuildFile; fileRef = 47178CB417ADDA340062E7B0 /* NSDictionaryTests.m */; };
		DE242DB317BC433C00D668DF /* NSExceptionTests.m in Sources */ = {isa = PBXBuildFile; fileRef = 47178CB517ADDA340062E7B0 /* NSExceptionTests.m */; };
		DE242DB417BC433C00D668DF /* NSInvocationTests.m in Sources */ = {isa = PBXBuildFile; fileRef = BCA81FCE17B316E5004745B2 /* NSInvocationTests.m */; };
		DE242DB517BC433C00D668DF /* NSLockTests.m in Sources */ = {isa = PBXBuildFile; fileRef = 47178CB617ADDA340062E7B0 /* NSLockTests.m */; };
		DE242DB617BC434900D668DF /* NSMethodSignatureTests.m in Sources */ = {isa = PBXBuildFile; fileRef = 47178CB717ADDA340062E7B0 /* NSMethodSignatureTests.m */; };
		DE242DBC17BC446900D668DF /* NSObjCRuntimeTests.m in Sources */ = {isa = PBXBuildFile; fileRef = 47178CB917ADDA340062E7B0 /* NSObjCRuntimeTests.m */; };
		DE242DBD17BC446900D668DF /* NSPathUtilitesTests.m in Sources */ = {isa = PBXBuildFile; fileRef = B0AD4BCF17B0B0A200B5014F /* NSPathUtilitesTests.m */; };
		DE242DBE17BC446900D668DF /* NSScannerSubclassTests.m in Sources */ = {isa = PBXBuildFile; fileRef = B02ABB8B17B5ECA000CB5C94 /* NSScannerSubclassTests.m */; };
		DE242DBF17BC446900D668DF /* NSScannerTests.m in Sources */ = {isa = PBXBuildFile; fileRef = B02ABB8C17B5ECA000CB5C94 /* NSScannerTests.m */; };
		DE242DC017BC446900D668DF /* NSSortDescriptorTests.m in Sources */ = {isa = PBXBuildFile; fileRef = 47178CBA17ADDA340062E7B0 /* NSSortDescriptorTests.m */; };
		DE242DC117BC446900D668DF /* NSStringTests.m in Sources */ = {isa = PBXBuildFile; fileRef = 47178CBB17ADDA340062E7B0 /* NSStringTests.m */; };
		DE242DC217BC446900D668DF /* NSThreadTests.m in Sources */ = {isa = PBXBuildFile; fileRef = 47178CBC17ADDA340062E7B0 /* NSThreadTests.m */; };
		DE242DC317BC446900D668DF /* NSURLTests.m in Sources */ = {isa = PBXBuildFile; fileRef = 47178CBD17ADDA340062E7B0 /* NSURLTests.m */; };
		DE242DC617BFD7EF00D668DF /* NSByteCountFormatterTests.m in Sources */ = {isa = PBXBuildFile; fileRef = 5BF54E3E17B0B18500B47B76 /* NSByteCountFormatterTests.m */; };
		DE242DC717BFD7F600D668DF /* NSNumberTests.m in Sources */ = {isa = PBXBuildFile; fileRef = 47178CB817ADDA340062E7B0 /* NSNumberTests.m */; };
		DE242DCA17C1586900D668DF /* NSDateTests.m in Sources */ = {isa = PBXBuildFile; fileRef = DE242DC917C1586900D668DF /* NSDateTests.m */; };
		DE242DCD17C2A78200D668DF /* NSFileManagerTests.m in Sources */ = {isa = PBXBuildFile; fileRef = DE242DCC17C2A78200D668DF /* NSFileManagerTests.m */; };
/* End PBXBuildFile section */

/* Begin PBXCopyFilesBuildPhase section */
		BCA81FA717B2E125004745B2 /* CopyFiles */ = {
			isa = PBXCopyFilesBuildPhase;
			buildActionMask = 2147483647;
			dstPath = /usr/share/man/man1/;
			dstSubfolderSpec = 0;
			files = (
				BCA81FB117B2E125004745B2 /* FoundationTestsMac.1 in CopyFiles */,
			);
			runOnlyForDeploymentPostprocessing = 1;
		};
/* End PBXCopyFilesBuildPhase section */

/* Begin PBXFileReference section */
		1AFCF46317B9842D0085CA15 /* NSBundleTests.m */ = {isa = PBXFileReference; fileEncoding = 4; lastKnownFileType = sourcecode.c.objc; path = NSBundleTests.m; sourceTree = "<group>"; };
		1AFCF48117B9AE350085CA15 /* 0.asset */ = {isa = PBXFileReference; fileEncoding = 4; lastKnownFileType = text; path = 0.asset; sourceTree = "<group>"; };
		1AFCF48217B9AE350085CA15 /* 0.bundle */ = {isa = PBXFileReference; lastKnownFileType = "wrapper.plug-in"; path = 0.bundle; sourceTree = "<group>"; };
		1AFCF48E17B9AE480085CA15 /* folderref0 */ = {isa = PBXFileReference; lastKnownFileType = folder; path = folderref0; sourceTree = "<group>"; };
		47178C8C17ADD9D40062E7B0 /* FoundationTests.app */ = {isa = PBXFileReference; explicitFileType = wrapper.application; includeInIndex = 0; path = FoundationTests.app; sourceTree = BUILT_PRODUCTS_DIR; };
		47178C9117ADD9D40062E7B0 /* Foundation.framework */ = {isa = PBXFileReference; lastKnownFileType = wrapper.framework; name = Foundation.framework; path = System/Library/Frameworks/Foundation.framework; sourceTree = SDKROOT; };
		47178C9717ADD9D40062E7B0 /* FoundationTests-Info.plist */ = {isa = PBXFileReference; lastKnownFileType = text.plist.xml; path = "FoundationTests-Info.plist"; sourceTree = "<group>"; };
		47178C9917ADD9D40062E7B0 /* en */ = {isa = PBXFileReference; lastKnownFileType = text.plist.strings; name = en; path = en.lproj/InfoPlist.strings; sourceTree = "<group>"; };
		47178C9B17ADD9D40062E7B0 /* main.m */ = {isa = PBXFileReference; lastKnownFileType = sourcecode.c.objc; path = main.m; sourceTree = "<group>"; };
		47178C9D17ADD9D40062E7B0 /* FoundationTests-Prefix.pch */ = {isa = PBXFileReference; lastKnownFileType = sourcecode.c.h; path = "FoundationTests-Prefix.pch"; sourceTree = "<group>"; };
		47178CA117ADD9D40062E7B0 /* Default.png */ = {isa = PBXFileReference; lastKnownFileType = image.png; path = Default.png; sourceTree = "<group>"; };
		47178CA317ADD9D40062E7B0 /* Default@2x.png */ = {isa = PBXFileReference; lastKnownFileType = image.png; path = "Default@2x.png"; sourceTree = "<group>"; };
		47178CA517ADD9D40062E7B0 /* Default-568h@2x.png */ = {isa = PBXFileReference; lastKnownFileType = image.png; path = "Default-568h@2x.png"; sourceTree = "<group>"; };
		47178CAD17ADDA340062E7B0 /* FoundationTests.h */ = {isa = PBXFileReference; fileEncoding = 4; lastKnownFileType = sourcecode.c.h; path = FoundationTests.h; sourceTree = "<group>"; };
		47178CAE17ADDA340062E7B0 /* utlist.h */ = {isa = PBXFileReference; fileEncoding = 4; lastKnownFileType = sourcecode.c.h; path = utlist.h; sourceTree = "<group>"; };
		47178CB017ADDA340062E7B0 /* CFRunLoopTests.m */ = {isa = PBXFileReference; fileEncoding = 4; lastKnownFileType = sourcecode.c.objc; path = CFRunLoopTests.m; sourceTree = "<group>"; };
		47178CB117ADDA340062E7B0 /* FoundationTests.m */ = {isa = PBXFileReference; fileEncoding = 4; lastKnownFileType = sourcecode.c.objc; path = FoundationTests.m; sourceTree = "<group>"; };
		47178CB217ADDA340062E7B0 /* NSBlockTests.m */ = {isa = PBXFileReference; fileEncoding = 4; lastKnownFileType = sourcecode.c.objc; path = NSBlockTests.m; sourceTree = "<group>"; };
		47178CB317ADDA340062E7B0 /* NSCountedSetTests.m */ = {isa = PBXFileReference; fileEncoding = 4; lastKnownFileType = sourcecode.c.objc; path = NSCountedSetTests.m; sourceTree = "<group>"; };
		47178CB417ADDA340062E7B0 /* NSDictionaryTests.m */ = {isa = PBXFileReference; fileEncoding = 4; lastKnownFileType = sourcecode.c.objc; path = NSDictionaryTests.m; sourceTree = "<group>"; };
		47178CB517ADDA340062E7B0 /* NSExceptionTests.m */ = {isa = PBXFileReference; fileEncoding = 4; lastKnownFileType = sourcecode.c.objc; path = NSExceptionTests.m; sourceTree = "<group>"; };
		47178CB617ADDA340062E7B0 /* NSLockTests.m */ = {isa = PBXFileReference; fileEncoding = 4; lastKnownFileType = sourcecode.c.objc; path = NSLockTests.m; sourceTree = "<group>"; };
		47178CB717ADDA340062E7B0 /* NSMethodSignatureTests.m */ = {isa = PBXFileReference; fileEncoding = 4; lastKnownFileType = sourcecode.c.objc; path = NSMethodSignatureTests.m; sourceTree = "<group>"; };
		47178CB817ADDA340062E7B0 /* NSNumberTests.m */ = {isa = PBXFileReference; fileEncoding = 4; lastKnownFileType = sourcecode.c.objc; path = NSNumberTests.m; sourceTree = "<group>"; };
		47178CB917ADDA340062E7B0 /* NSObjCRuntimeTests.m */ = {isa = PBXFileReference; fileEncoding = 4; lastKnownFileType = sourcecode.c.objc; path = NSObjCRuntimeTests.m; sourceTree = "<group>"; };
		47178CBA17ADDA340062E7B0 /* NSSortDescriptorTests.m */ = {isa = PBXFileReference; fileEncoding = 4; lastKnownFileType = sourcecode.c.objc; path = NSSortDescriptorTests.m; sourceTree = "<group>"; };
		47178CBB17ADDA340062E7B0 /* NSStringTests.m */ = {isa = PBXFileReference; fileEncoding = 4; lastKnownFileType = sourcecode.c.objc; path = NSStringTests.m; sourceTree = "<group>"; };
		47178CBC17ADDA340062E7B0 /* NSThreadTests.m */ = {isa = PBXFileReference; fileEncoding = 4; lastKnownFileType = sourcecode.c.objc; path = NSThreadTests.m; sourceTree = "<group>"; };
		47178CBD17ADDA340062E7B0 /* NSURLTests.m */ = {isa = PBXFileReference; fileEncoding = 4; lastKnownFileType = sourcecode.c.objc; path = NSURLTests.m; sourceTree = "<group>"; };
		5BF54E3E17B0B18500B47B76 /* NSByteCountFormatterTests.m */ = {isa = PBXFileReference; fileEncoding = 4; lastKnownFileType = sourcecode.c.objc; path = NSByteCountFormatterTests.m; sourceTree = "<group>"; };
		B02ABB8B17B5ECA000CB5C94 /* NSScannerSubclassTests.m */ = {isa = PBXFileReference; fileEncoding = 4; lastKnownFileType = sourcecode.c.objc; path = NSScannerSubclassTests.m; sourceTree = "<group>"; };
		B02ABB8C17B5ECA000CB5C94 /* NSScannerTests.m */ = {isa = PBXFileReference; fileEncoding = 4; lastKnownFileType = sourcecode.c.objc; path = NSScannerTests.m; sourceTree = "<group>"; };
		B0AD4BCF17B0B0A200B5014F /* NSPathUtilitesTests.m */ = {isa = PBXFileReference; fileEncoding = 4; lastKnownFileType = sourcecode.c.objc; path = NSPathUtilitesTests.m; sourceTree = "<group>"; };
		BCA81FA917B2E125004745B2 /* FoundationTestsMac */ = {isa = PBXFileReference; explicitFileType = "compiled.mach-o.executable"; includeInIndex = 0; path = FoundationTestsMac; sourceTree = BUILT_PRODUCTS_DIR; };
		BCA81FAF17B2E125004745B2 /* FoundationTestsMac-Prefix.pch */ = {isa = PBXFileReference; lastKnownFileType = sourcecode.c.h; path = "FoundationTestsMac-Prefix.pch"; sourceTree = "<group>"; };
		BCA81FB017B2E125004745B2 /* FoundationTestsMac.1 */ = {isa = PBXFileReference; lastKnownFileType = text.man; path = FoundationTestsMac.1; sourceTree = "<group>"; };
		BCA81FCE17B316E5004745B2 /* NSInvocationTests.m */ = {isa = PBXFileReference; fileEncoding = 4; lastKnownFileType = sourcecode.c.objc; path = NSInvocationTests.m; sourceTree = "<group>"; };
		DE06A9F117B9B7AA0069C996 /* NSArrayTests.m */ = {isa = PBXFileReference; fileEncoding = 4; lastKnownFileType = sourcecode.c.objc; path = NSArrayTests.m; sourceTree = "<group>"; };
		DE242DC917C1586900D668DF /* NSDateTests.m */ = {isa = PBXFileReference; fileEncoding = 4; lastKnownFileType = sourcecode.c.objc; path = NSDateTests.m; sourceTree = "<group>"; };
		DE242DCC17C2A78200D668DF /* NSFileManagerTests.m */ = {isa = PBXFileReference; fileEncoding = 4; lastKnownFileType = sourcecode.c.objc; path = NSFileManagerTests.m; sourceTree = "<group>"; };
		DEB8A25B17BC373E0044AFB9 /* NSUserDefaultsTests.m */ = {isa = PBXFileReference; fileEncoding = 4; lastKnownFileType = sourcecode.c.objc; path = NSUserDefaultsTests.m; sourceTree = "<group>"; };
/* End PBXFileReference section */

/* Begin PBXFrameworksBuildPhase section */
		47178C8917ADD9D40062E7B0 /* Frameworks */ = {
			isa = PBXFrameworksBuildPhase;
			buildActionMask = 2147483647;
			files = (
				47178C9217ADD9D40062E7B0 /* Foundation.framework in Frameworks */,
			);
			runOnlyForDeploymentPostprocessing = 0;
		};
		BCA81FA617B2E125004745B2 /* Frameworks */ = {
			isa = PBXFrameworksBuildPhase;
			buildActionMask = 2147483647;
			files = (
				BCA81FAA17B2E125004745B2 /* Foundation.framework in Frameworks */,
			);
			runOnlyForDeploymentPostprocessing = 0;
		};
/* End PBXFrameworksBuildPhase section */

/* Begin PBXGroup section */
		1AFCF48017B9AE350085CA15 /* NSBundleTests */ = {
			isa = PBXGroup;
			children = (
				1AFCF48117B9AE350085CA15 /* 0.asset */,
				1AFCF48217B9AE350085CA15 /* 0.bundle */,
				1AFCF48317B9AE350085CA15 /* foldergroup0 */,
				1AFCF48E17B9AE480085CA15 /* folderref0 */,
			);
			path = NSBundleTests;
			sourceTree = "<group>";
		};
		1AFCF48317B9AE350085CA15 /* foldergroup0 */ = {
			isa = PBXGroup;
			children = (
			);
			path = foldergroup0;
			sourceTree = "<group>";
		};
		47178C8317ADD9D40062E7B0 = {
			isa = PBXGroup;
			children = (
				47178CAC17ADDA340062E7B0 /* include */,
				47178CAF17ADDA340062E7B0 /* src */,
				47178C9517ADD9D40062E7B0 /* FoundationTests */,
				BCA81FAB17B2E125004745B2 /* FoundationTestsMac */,
				47178C8E17ADD9D40062E7B0 /* Frameworks */,
				47178C8D17ADD9D40062E7B0 /* Products */,
			);
			sourceTree = "<group>";
		};
		47178C8D17ADD9D40062E7B0 /* Products */ = {
			isa = PBXGroup;
			children = (
				47178C8C17ADD9D40062E7B0 /* FoundationTests.app */,
				BCA81FA917B2E125004745B2 /* FoundationTestsMac */,
			);
			name = Products;
			sourceTree = "<group>";
		};
		47178C8E17ADD9D40062E7B0 /* Frameworks */ = {
			isa = PBXGroup;
			children = (
				47178C9117ADD9D40062E7B0 /* Foundation.framework */,
			);
			name = Frameworks;
			sourceTree = "<group>";
		};
		47178C9517ADD9D40062E7B0 /* FoundationTests */ = {
			isa = PBXGroup;
			children = (
				47178C9617ADD9D40062E7B0 /* Supporting Files */,
			);
			path = FoundationTests;
			sourceTree = "<group>";
		};
		47178C9617ADD9D40062E7B0 /* Supporting Files */ = {
			isa = PBXGroup;
			children = (
				1AFCF48017B9AE350085CA15 /* NSBundleTests */,
				47178C9717ADD9D40062E7B0 /* FoundationTests-Info.plist */,
				47178C9817ADD9D40062E7B0 /* InfoPlist.strings */,
				47178C9B17ADD9D40062E7B0 /* main.m */,
				47178C9D17ADD9D40062E7B0 /* FoundationTests-Prefix.pch */,
				47178CA117ADD9D40062E7B0 /* Default.png */,
				47178CA317ADD9D40062E7B0 /* Default@2x.png */,
				47178CA517ADD9D40062E7B0 /* Default-568h@2x.png */,
			);
			name = "Supporting Files";
			sourceTree = "<group>";
		};
		47178CAC17ADDA340062E7B0 /* include */ = {
			isa = PBXGroup;
			children = (
				47178CAD17ADDA340062E7B0 /* FoundationTests.h */,
				47178CAE17ADDA340062E7B0 /* utlist.h */,
			);
			path = include;
			sourceTree = "<group>";
		};
		47178CAF17ADDA340062E7B0 /* src */ = {
			isa = PBXGroup;
			children = (
				DEB8A25B17BC373E0044AFB9 /* NSUserDefaultsTests.m */,
				DE06A9F117B9B7AA0069C996 /* NSArrayTests.m */,
				47178CB017ADDA340062E7B0 /* CFRunLoopTests.m */,
				47178CB117ADDA340062E7B0 /* FoundationTests.m */,
				47178CB217ADDA340062E7B0 /* NSBlockTests.m */,
				1AFCF46317B9842D0085CA15 /* NSBundleTests.m */,
				5BF54E3E17B0B18500B47B76 /* NSByteCountFormatterTests.m */,
				47178CB317ADDA340062E7B0 /* NSCountedSetTests.m */,
				47178CB417ADDA340062E7B0 /* NSDictionaryTests.m */,
				47178CB517ADDA340062E7B0 /* NSExceptionTests.m */,
				BCA81FCE17B316E5004745B2 /* NSInvocationTests.m */,
				47178CB617ADDA340062E7B0 /* NSLockTests.m */,
				47178CB717ADDA340062E7B0 /* NSMethodSignatureTests.m */,
				47178CB817ADDA340062E7B0 /* NSNumberTests.m */,
				47178CB917ADDA340062E7B0 /* NSObjCRuntimeTests.m */,
				B0AD4BCF17B0B0A200B5014F /* NSPathUtilitesTests.m */,
				B02ABB8B17B5ECA000CB5C94 /* NSScannerSubclassTests.m */,
				B02ABB8C17B5ECA000CB5C94 /* NSScannerTests.m */,
				47178CBA17ADDA340062E7B0 /* NSSortDescriptorTests.m */,
				47178CBB17ADDA340062E7B0 /* NSStringTests.m */,
				47178CBC17ADDA340062E7B0 /* NSThreadTests.m */,
				47178CBD17ADDA340062E7B0 /* NSURLTests.m */,
				DE242DC917C1586900D668DF /* NSDateTests.m */,
				DE242DCC17C2A78200D668DF /* NSFileManagerTests.m */,
			);
			path = src;
			sourceTree = "<group>";
		};
		BCA81FAB17B2E125004745B2 /* FoundationTestsMac */ = {
			isa = PBXGroup;
			children = (
				BCA81FB017B2E125004745B2 /* FoundationTestsMac.1 */,
				BCA81FAE17B2E125004745B2 /* Supporting Files */,
			);
			path = FoundationTestsMac;
			sourceTree = "<group>";
		};
		BCA81FAE17B2E125004745B2 /* Supporting Files */ = {
			isa = PBXGroup;
			children = (
				BCA81FAF17B2E125004745B2 /* FoundationTestsMac-Prefix.pch */,
			);
			name = "Supporting Files";
			sourceTree = "<group>";
		};
/* End PBXGroup section */

/* Begin PBXNativeTarget section */
		47178C8B17ADD9D40062E7B0 /* FoundationTests */ = {
			isa = PBXNativeTarget;
			buildConfigurationList = 47178CA917ADD9D40062E7B0 /* Build configuration list for PBXNativeTarget "FoundationTests" */;
			buildPhases = (
				47178C8817ADD9D40062E7B0 /* Sources */,
				47178C8917ADD9D40062E7B0 /* Frameworks */,
				47178C8A17ADD9D40062E7B0 /* Resources */,
			);
			buildRules = (
			);
			dependencies = (
			);
			name = FoundationTests;
			productName = FoundationTests;
			productReference = 47178C8C17ADD9D40062E7B0 /* FoundationTests.app */;
			productType = "com.apple.product-type.application";
		};
		BCA81FA817B2E125004745B2 /* FoundationTestsMac */ = {
			isa = PBXNativeTarget;
			buildConfigurationList = BCA81FB417B2E125004745B2 /* Build configuration list for PBXNativeTarget "FoundationTestsMac" */;
			buildPhases = (
				BCA81FA517B2E125004745B2 /* Sources */,
				BCA81FA617B2E125004745B2 /* Frameworks */,
				BCA81FA717B2E125004745B2 /* CopyFiles */,
			);
			buildRules = (
			);
			dependencies = (
			);
			name = FoundationTestsMac;
			productName = FoundationTestsMac;
			productReference = BCA81FA917B2E125004745B2 /* FoundationTestsMac */;
			productType = "com.apple.product-type.tool";
		};
/* End PBXNativeTarget section */

/* Begin PBXProject section */
		47178C8417ADD9D40062E7B0 /* Project object */ = {
			isa = PBXProject;
			attributes = {
				LastUpgradeCheck = 0460;
				ORGANIZATIONNAME = Apportable;
			};
			buildConfigurationList = 47178C8717ADD9D40062E7B0 /* Build configuration list for PBXProject "FoundationTests" */;
			compatibilityVersion = "Xcode 3.2";
			developmentRegion = English;
			hasScannedForEncodings = 0;
			knownRegions = (
				en,
			);
			mainGroup = 47178C8317ADD9D40062E7B0;
			productRefGroup = 47178C8D17ADD9D40062E7B0 /* Products */;
			projectDirPath = "";
			projectRoot = "";
			targets = (
				47178C8B17ADD9D40062E7B0 /* FoundationTests */,
				BCA81FA817B2E125004745B2 /* FoundationTestsMac */,
			);
		};
/* End PBXProject section */

/* Begin PBXResourcesBuildPhase section */
		47178C8A17ADD9D40062E7B0 /* Resources */ = {
			isa = PBXResourcesBuildPhase;
			buildActionMask = 2147483647;
			files = (
				47178C9A17ADD9D40062E7B0 /* InfoPlist.strings in Resources */,
				47178CA217ADD9D40062E7B0 /* Default.png in Resources */,
				47178CA417ADD9D40062E7B0 /* Default@2x.png in Resources */,
				47178CA617ADD9D40062E7B0 /* Default-568h@2x.png in Resources */,
				1AFCF48917B9AE350085CA15 /* 0.asset in Resources */,
				1AFCF48A17B9AE350085CA15 /* 0.bundle in Resources */,
				1AFCF48F17B9AE480085CA15 /* folderref0 in Resources */,
			);
			runOnlyForDeploymentPostprocessing = 0;
		};
/* End PBXResourcesBuildPhase section */

/* Begin PBXSourcesBuildPhase section */
		47178C8817ADD9D40062E7B0 /* Sources */ = {
			isa = PBXSourcesBuildPhase;
			buildActionMask = 2147483647;
			files = (
				47178C9C17ADD9D40062E7B0 /* main.m in Sources */,
				DE242DAA17BC433C00D668DF /* NSUserDefaultsTests.m in Sources */,
				DE242DAB17BC433C00D668DF /* NSArrayTests.m in Sources */,
				DE242DAC17BC433C00D668DF /* CFRunLoopTests.m in Sources */,
				DE242DAD17BC433C00D668DF /* FoundationTests.m in Sources */,
				DE242DAE17BC433C00D668DF /* NSBlockTests.m in Sources */,
				DE242DAF17BC433C00D668DF /* NSBundleTests.m in Sources */,
				DE242DB117BC433C00D668DF /* NSCountedSetTests.m in Sources */,
				DE242DB217BC433C00D668DF /* NSDictionaryTests.m in Sources */,
				DE242DB317BC433C00D668DF /* NSExceptionTests.m in Sources */,
				DE242DB417BC433C00D668DF /* NSInvocationTests.m in Sources */,
				DE242DB517BC433C00D668DF /* NSLockTests.m in Sources */,
				DE242DB617BC434900D668DF /* NSMethodSignatureTests.m in Sources */,
				DE242DBC17BC446900D668DF /* NSObjCRuntimeTests.m in Sources */,
				DE242DBD17BC446900D668DF /* NSPathUtilitesTests.m in Sources */,
				DE242DBE17BC446900D668DF /* NSScannerSubclassTests.m in Sources */,
				DE242DBF17BC446900D668DF /* NSScannerTests.m in Sources */,
				DE242DC017BC446900D668DF /* NSSortDescriptorTests.m in Sources */,
				DE242DC117BC446900D668DF /* NSStringTests.m in Sources */,
				DE242DC217BC446900D668DF /* NSThreadTests.m in Sources */,
				DE242DC317BC446900D668DF /* NSURLTests.m in Sources */,
				DE242DC617BFD7EF00D668DF /* NSByteCountFormatterTests.m in Sources */,
				DE242DC717BFD7F600D668DF /* NSNumberTests.m in Sources */,
				DE242DCA17C1586900D668DF /* NSDateTests.m in Sources */,
				DE242DCD17C2A78200D668DF /* NSFileManagerTests.m in Sources */,
			);
			runOnlyForDeploymentPostprocessing = 0;
		};
		BCA81FA517B2E125004745B2 /* Sources */ = {
			isa = PBXSourcesBuildPhase;
			buildActionMask = 2147483647;
			files = (
				BCA81FC517B31394004745B2 /* main.m in Sources */,
			);
			runOnlyForDeploymentPostprocessing = 0;
		};
/* End PBXSourcesBuildPhase section */

/* Begin PBXVariantGroup section */
		47178C9817ADD9D40062E7B0 /* InfoPlist.strings */ = {
			isa = PBXVariantGroup;
			children = (
				47178C9917ADD9D40062E7B0 /* en */,
			);
			name = InfoPlist.strings;
			sourceTree = "<group>";
		};
/* End PBXVariantGroup section */

/* Begin XCBuildConfiguration section */
		47178CA717ADD9D40062E7B0 /* Debug */ = {
			isa = XCBuildConfiguration;
			buildSettings = {
				ALWAYS_SEARCH_USER_PATHS = NO;
				CLANG_CXX_LANGUAGE_STANDARD = "gnu++0x";
				CLANG_CXX_LIBRARY = "libc++";
				CLANG_WARN_CONSTANT_CONVERSION = YES;
				CLANG_WARN_EMPTY_BODY = YES;
				CLANG_WARN_ENUM_CONVERSION = YES;
				CLANG_WARN_INT_CONVERSION = YES;
				CLANG_WARN__DUPLICATE_METHOD_MATCH = YES;
				CODE_SIGN_IDENTITY = "iPhone Developer";
				"CODE_SIGN_IDENTITY[sdk=iphoneos*]" = "iPhone Developer";
				COPY_PHASE_STRIP = NO;
				GCC_C_LANGUAGE_STANDARD = gnu99;
				GCC_DYNAMIC_NO_PIC = NO;
				GCC_OPTIMIZATION_LEVEL = 0;
				GCC_PREPROCESSOR_DEFINITIONS = (
					"DEBUG=1",
					"$(inherited)",
				);
				GCC_SYMBOLS_PRIVATE_EXTERN = NO;
				GCC_WARN_ABOUT_RETURN_TYPE = YES;
				GCC_WARN_UNINITIALIZED_AUTOS = YES;
				GCC_WARN_UNUSED_VARIABLE = YES;
				IPHONEOS_DEPLOYMENT_TARGET = 6.1;
				ONLY_ACTIVE_ARCH = YES;
				PROVISIONING_PROFILE = "";
				"PROVISIONING_PROFILE[sdk=iphoneos*]" = "";
				SDKROOT = iphoneos;
				TARGETED_DEVICE_FAMILY = "1,2";
			};
			name = Debug;
		};
		47178CA817ADD9D40062E7B0 /* Release */ = {
			isa = XCBuildConfiguration;
			buildSettings = {
				ALWAYS_SEARCH_USER_PATHS = NO;
				CLANG_CXX_LANGUAGE_STANDARD = "gnu++0x";
				CLANG_CXX_LIBRARY = "libc++";
				CLANG_WARN_CONSTANT_CONVERSION = YES;
				CLANG_WARN_EMPTY_BODY = YES;
				CLANG_WARN_ENUM_CONVERSION = YES;
				CLANG_WARN_INT_CONVERSION = YES;
				CLANG_WARN__DUPLICATE_METHOD_MATCH = YES;
				CODE_SIGN_IDENTITY = "iPhone Developer";
				"CODE_SIGN_IDENTITY[sdk=iphoneos*]" = "iPhone Developer";
				COPY_PHASE_STRIP = YES;
				GCC_C_LANGUAGE_STANDARD = gnu99;
				GCC_WARN_ABOUT_RETURN_TYPE = YES;
				GCC_WARN_UNINITIALIZED_AUTOS = YES;
				GCC_WARN_UNUSED_VARIABLE = YES;
				IPHONEOS_DEPLOYMENT_TARGET = 6.1;
				OTHER_CFLAGS = "-DNS_BLOCK_ASSERTIONS=1";
				PROVISIONING_PROFILE = "";
				"PROVISIONING_PROFILE[sdk=iphoneos*]" = "";
				SDKROOT = iphoneos;
				TARGETED_DEVICE_FAMILY = "1,2";
				VALIDATE_PRODUCT = YES;
			};
			name = Release;
		};
		47178CAA17ADD9D40062E7B0 /* Debug */ = {
			isa = XCBuildConfiguration;
			buildSettings = {
				CODE_SIGN_IDENTITY = "iPhone Developer";
				GCC_PRECOMPILE_PREFIX_HEADER = YES;
				GCC_PREFIX_HEADER = "FoundationTests/FoundationTests-Prefix.pch";
				INFOPLIST_FILE = "FoundationTests/FoundationTests-Info.plist";
				PRODUCT_NAME = "$(TARGET_NAME)";
				PROVISIONING_PROFILE = "";
				WRAPPER_EXTENSION = app;
			};
			name = Debug;
		};
		47178CAB17ADD9D40062E7B0 /* Release */ = {
			isa = XCBuildConfiguration;
			buildSettings = {
				GCC_PRECOMPILE_PREFIX_HEADER = YES;
				GCC_PREFIX_HEADER = "FoundationTests/FoundationTests-Prefix.pch";
				INFOPLIST_FILE = "FoundationTests/FoundationTests-Info.plist";
				PRODUCT_NAME = "$(TARGET_NAME)";
				WRAPPER_EXTENSION = app;
			};
			name = Release;
		};
		BCA81FB217B2E125004745B2 /* Debug */ = {
			isa = XCBuildConfiguration;
			buildSettings = {
				ARCHS = "$(ARCHS_STANDARD_64_BIT)";
				CODE_SIGN_IDENTITY = "Mac Developer";
				GCC_ENABLE_OBJC_EXCEPTIONS = YES;
				GCC_PRECOMPILE_PREFIX_HEADER = YES;
				GCC_PREFIX_HEADER = "FoundationTestsMac/FoundationTestsMac-Prefix.pch";
				GCC_WARN_64_TO_32_BIT_CONVERSION = YES;
				MACOSX_DEPLOYMENT_TARGET = 10.8;
				PRODUCT_NAME = "$(TARGET_NAME)";
				PROVISIONING_PROFILE = "";
				SDKROOT = macosx;
			};
			name = Debug;
		};
		BCA81FB317B2E125004745B2 /* Release */ = {
			isa = XCBuildConfiguration;
			buildSettings = {
				ARCHS = "$(ARCHS_STANDARD_64_BIT)";
				CODE_SIGN_IDENTITY = "Mac Developer";
				DEBUG_INFORMATION_FORMAT = "dwarf-with-dsym";
				GCC_ENABLE_OBJC_EXCEPTIONS = YES;
				GCC_PRECOMPILE_PREFIX_HEADER = YES;
				GCC_PREFIX_HEADER = "FoundationTestsMac/FoundationTestsMac-Prefix.pch";
				GCC_WARN_64_TO_32_BIT_CONVERSION = YES;
				MACOSX_DEPLOYMENT_TARGET = 10.8;
				PRODUCT_NAME = "$(TARGET_NAME)";
				PROVISIONING_PROFILE = "";
				SDKROOT = macosx;
			};
			name = Release;
		};
/* End XCBuildConfiguration section */

/* Begin XCConfigurationList section */
		47178C8717ADD9D40062E7B0 /* Build configuration list for PBXProject "FoundationTests" */ = {
			isa = XCConfigurationList;
			buildConfigurations = (
				47178CA717ADD9D40062E7B0 /* Debug */,
				47178CA817ADD9D40062E7B0 /* Release */,
			);
			defaultConfigurationIsVisible = 0;
			defaultConfigurationName = Release;
		};
		47178CA917ADD9D40062E7B0 /* Build configuration list for PBXNativeTarget "FoundationTests" */ = {
			isa = XCConfigurationList;
			buildConfigurations = (
				47178CAA17ADD9D40062E7B0 /* Debug */,
				47178CAB17ADD9D40062E7B0 /* Release */,
			);
			defaultConfigurationIsVisible = 0;
			defaultConfigurationName = Release;
		};
		BCA81FB417B2E125004745B2 /* Build configuration list for PBXNativeTarget "FoundationTestsMac" */ = {
			isa = XCConfigurationList;
			buildConfigurations = (
				BCA81FB217B2E125004745B2 /* Debug */,
				BCA81FB317B2E125004745B2 /* Release */,
			);
			defaultConfigurationIsVisible = 0;
			defaultConfigurationName = Release;
		};
/* End XCConfigurationList section */
	};
	rootObject = 47178C8417ADD9D40062E7B0 /* Project object */;
}
